
Microsoft Visual Studio Solution File, Format Version 12.00
# Visual Studio 2013
VisualStudioVersion = 12.0.30723.0
MinimumVisualStudioVersion = 10.0.40219.1
Project("{2150E333-8FDC-42A3-9474-1A3956D46DE8}") = "Referenced Projects", "Referenced Projects", "{490A819D-C46A-40EB-9EF8-C0356FBDDB7B}"
EndProject
Project("{FAE04EC0-301F-11D3-BF4B-00C04F79EFBC}") = "Rti", "Rti\Rti.csproj", "{7143739E-B054-42B6-A474-87F0F8ADB666}"
EndProject
Project("{FAE04EC0-301F-11D3-BF4B-00C04F79EFBC}") = "Rti.ExternalInterfaces", "Rti.ExternalInterfaces\Rti.ExternalInterfaces.csproj", "{BA767011-CA53-49C3-B2C3-7466E3E406B9}"
EndProject
Project("{FAE04EC0-301F-11D3-BF4B-00C04F79EFBC}") = "Rti.InternalInterfaces", "Rti.InternalInterfaces\Rti.InternalInterfaces.csproj", "{7B47E43E-29DA-479A-A3D8-AF2BED427114}"
EndProject
Project("{FAE04EC0-301F-11D3-BF4B-00C04F79EFBC}") = "Rti.AccountManagerService", "Rti.AccountManagerService\Rti.AccountManagerService\Rti.AccountManagerService.csproj", "{D7C19B63-5C80-46EE-A431-29694254C7F9}"
EndProject
Project("{FAE04EC0-301F-11D3-BF4B-00C04F79EFBC}") = "Rti.AccountManagerServer", "Rti.AccountManagerService\Rti.AccountManagerServer\Rti.AccountManagerServer.csproj", "{22720DD4-00F8-4226-AD2D-EDA8F48ADF2D}"
EndProject
Project("{FAE04EC0-301F-11D3-BF4B-00C04F79EFBC}") = "Rti.AdministrationService", "Rti.AdministrationService\Rti.AdministrationService\Rti.AdministrationService.csproj", "{906DA013-0CCA-40CB-B521-45CD6676B74A}"
EndProject
Project("{FAE04EC0-301F-11D3-BF4B-00C04F79EFBC}") = "Rti.AdministrationServer", "Rti.AdministrationService\Rti.AdministrationServer\Rti.AdministrationServer.csproj", "{E8825EBA-107A-43E7-A5B4-3AF562000377}"
EndProject
Project("{FAE04EC0-301F-11D3-BF4B-00C04F79EFBC}") = "Rti.DocumentManagerService", "Rti.DocumentManagerService\Rti.DocumentManagerService\Rti.DocumentManagerService.csproj", "{A4867749-A710-4078-BCF7-D89F56C8DEF3}"
EndProject
Project("{FAE04EC0-301F-11D3-BF4B-00C04F79EFBC}") = "Rti.DocumentManagerServer", "Rti.DocumentManagerService\Rti.DocumentManagerServer\Rti.DocumentManagerServer.csproj", "{8DA4B379-086D-4BFD-9D1C-27780EC01349}"
EndProject
Project("{FAE04EC0-301F-11D3-BF4B-00C04F79EFBC}") = "Rti.ReportingService", "Rti.ReportingService\Rti.ReportingService\Rti.ReportingService.csproj", "{11C8B75E-004F-480F-89BD-F078F8DA88F6}"
EndProject
Project("{FAE04EC0-301F-11D3-BF4B-00C04F79EFBC}") = "Rti.ReportingServer", "Rti.ReportingService\Rti.ReportingServer\Rti.ReportingServer.csproj", "{50911F99-7DFA-4A53-973F-8BD81DBE30BE}"
EndProject
Project("{FAE04EC0-301F-11D3-BF4B-00C04F79EFBC}") = "Rti.RequestManagerService", "Rti.RequestManagerService\Rti.RequestManagerService\Rti.RequestManagerService.csproj", "{1DBDFB60-90CF-4F46-925B-437EA00BE4F5}"
EndProject
Project("{FAE04EC0-301F-11D3-BF4B-00C04F79EFBC}") = "Rti.RequestManagerServer", "Rti.RequestManagerService\Rti.RequestManagerServer\Rti.RequestManagerServer.csproj", "{EDE3898C-76F1-4AB4-9007-0FEAAC69033F}"
EndProject
Project("{FAE04EC0-301F-11D3-BF4B-00C04F79EFBC}") = "Rti.RemoteProcedureCalls", "Rti.RemoteProcedureCalls\Rti.RemoteProcedureCalls.csproj", "{42F71D2B-6BD0-4703-A681-85E777E5A89F}"
EndProject
Project("{FAE04EC0-301F-11D3-BF4B-00C04F79EFBC}") = "Rti.EagleIqGatewayService", "Rti.EagleIqGatewayService\Rti.EagleIqGatewayService\Rti.EagleIqGatewayService.csproj", "{435DBED8-BDFF-423B-BD9D-DABAA2E40BD5}"
EndProject
Project("{FAE04EC0-301F-11D3-BF4B-00C04F79EFBC}") = "Rti.EagleIqGatewayServer", "Rti.EagleIqGatewayService\Rti.EagleIqGatewayServer\Rti.EagleIqGatewayServer.csproj", "{37D6D815-0FB7-4AFA-8F8E-76FF71B71945}"
EndProject
Project("{FAE04EC0-301F-11D3-BF4B-00C04F79EFBC}") = "Rti.DataModel", "Rti.DataModel\Rti.DataModel.csproj", "{6BCC6ADA-2AB0-4CBE-AFA6-51C8C5A654FB}"
EndProject
Project("{FAE04EC0-301F-11D3-BF4B-00C04F79EFBC}") = "WpfDocViewer", "Navigator\WPFDOCVIEWER\WpfDocViewer\WpfDocViewer.csproj", "{C5DCBC81-354F-4C9C-A461-705A6D7A01DE}"
EndProject
Project("{FAE04EC0-301F-11D3-BF4B-00C04F79EFBC}") = "Rti.Imaging", "Rti.Imaging\Rti.Imaging.csproj", "{E6313654-64AB-4332-9476-48F3046CED04}"
EndProject
Project("{FAE04EC0-301F-11D3-BF4B-00C04F79EFBC}") = "WcfViewerUnitTest", "WcfViewerUnitTests\WCFVIEWERUNITTEST\WcfViewerUnitTest.csproj", "{441A02C0-9E48-4052-B28C-E45ACA468C8A}"
EndProject
Project("{FAE04EC0-301F-11D3-BF4B-00C04F79EFBC}") = "RACServicesUnitTests", "RACServicesUnitTests\RACServicesUnitTests.csproj", "{FCFADD0C-42E6-41F5-810F-EF9C84894666}"
EndProject
Project("{FAE04EC0-301F-11D3-BF4B-00C04F79EFBC}") = "Rti.RemoteFileTransfer", "Rti.RemoteFileTransfer\Rti.RemoteFileTransfer.csproj", "{E0F7DBE9-3F26-4A23-8CC4-60972BF643FD}"
EndProject
Project("{FAE04EC0-301F-11D3-BF4B-00C04F79EFBC}") = "Rti.EncryptionLib", "Rti.EncryptionLib\Rti.EncryptionLib.csproj", "{A7B73829-78FD-43F1-A3C7-2290A0BA6BB7}"
EndProject
Global
	GlobalSection(SourceCodeControl) = preSolution
		SccNumberOfProjects = 22
		SccLocalPath0 = .
		SccProjectUniqueName1 = Navigator\\WPFDOCVIEWER\\WpfDocViewer\\WpfDocViewer.csproj
		SccProjectName1 = \u0022$/EmWareCollection/Navigator/WPFDOCVIEWER/WpfDocViewer\u0022,\u0020VBTAAAAA
		SccLocalPath1 = Navigator\\WPFDOCVIEWER\\WpfDocViewer
		SccProjectUniqueName2 = Rti\\Rti.csproj
		SccProjectTopLevelParentUniqueName2 = BuildAll.sln
		SccProjectName2 = \u0022$/EmWareCollection/Rti\u0022,\u0020EGPAAAAA
		SccLocalPath2 = Rti
		SccProjectUniqueName3 = Rti.InternalInterfaces\\Rti.InternalInterfaces.csproj
		SccProjectTopLevelParentUniqueName3 = BuildAll.sln
		SccProjectName3 = \u0022$/EmWareCollection/Rti.InternalInterfaces\u0022,\u0020VPOAAAAA
		SccLocalPath3 = Rti.InternalInterfaces
		SccProjectUniqueName4 = Rti.AdministrationService\\Rti.AdministrationServer\\Rti.AdministrationServer.csproj
		SccProjectName4 = \u0022$/EmWareCollection/Rti.AdministrationService/Rti.AdministrationServer\u0022,\u0020HRPAAAAA
		SccLocalPath4 = Rti.AdministrationService\\Rti.AdministrationServer
		SccProjectUniqueName5 = Rti.DocumentManagerService\\Rti.DocumentManagerServer\\Rti.DocumentManagerServer.csproj
		SccProjectName5 = \u0022$/EmWareCollection/Rti.DocumentManagerService/Rti.DocumentManagerServer\u0022,\u0020RXNAAAAA
		SccLocalPath5 = Rti.DocumentManagerService\\Rti.DocumentManagerServer
		SccProjectUniqueName6 = Rti.RemoteProcedureCalls\\Rti.RemoteProcedureCalls.csproj
		SccProjectTopLevelParentUniqueName6 = BuildAll.sln
		SccProjectName6 = \u0022$/EmWareCollection/Rti.RemoteProcedureCalls\u0022,\u0020RQQAAAAA
		SccLocalPath6 = Rti.RemoteProcedureCalls
		SccProjectUniqueName7 = RACServicesUnitTests\\RACServicesUnitTests.csproj
		SccProjectName7 = \u0022$/EmWareCollection/RACServicesUnitTests\u0022,\u0020THVAAAAA
		SccLocalPath7 = RACServicesUnitTests
		SccProjectUniqueName8 = Rti.ExternalInterfaces\\Rti.ExternalInterfaces.csproj
		SccProjectTopLevelParentUniqueName8 = BuildAll.sln
		SccProjectName8 = \u0022$/EmWareCollection/Rti.ExternalInterfaces\u0022,\u0020ZFOAAAAA
		SccLocalPath8 = Rti.ExternalInterfaces
		SccProjectUniqueName9 = Rti.EagleIqGatewayService\\Rti.EagleIqGatewayServer\\Rti.EagleIqGatewayServer.csproj
		SccProjectName9 = \u0022$/EmWareCollection/Rti.EagleIqGatewayService/Rti.EagleIqGatewayServer\u0022,\u0020FBRAAAAA
		SccLocalPath9 = Rti.EagleIqGatewayService\\Rti.EagleIqGatewayServer
		SccProjectUniqueName10 = Rti.Imaging\\Rti.Imaging.csproj
		SccProjectTopLevelParentUniqueName10 = BuildAll.sln
		SccProjectName10 = \u0022$/EmWareCollection/Rti.Imaging\u0022,\u0020EASAAAAA
		SccLocalPath10 = Rti.Imaging
		SccProjectUniqueName11 = Rti.EncryptionLib\\Rti.EncryptionLib.csproj
		SccProjectTopLevelParentUniqueName11 = BuildAll.sln
		SccProjectName11 = \u0022$/EmWareCollection/Rti.EncryptionLib\u0022,\u0020SGZAAAAA
		SccLocalPath11 = Rti.EncryptionLib
		SccProjectUniqueName12 = Rti.AccountManagerService\\Rti.AccountManagerService\\Rti.AccountManagerService.csproj
		SccProjectName12 = \u0022$/EmWareCollection/Rti.AccountManagerService/Rti.AccountManagerService\u0022,\u0020DKPAAAAA
		SccLocalPath12 = Rti.AccountManagerService\\Rti.AccountManagerService
		SccProjectUniqueName13 = Rti.AccountManagerService\\Rti.AccountManagerServer\\Rti.AccountManagerServer.csproj
		SccProjectName13 = \u0022$/EmWareCollection/Rti.AccountManagerService/Rti.AccountManagerServer\u0022,\u0020DIPAAAAA
		SccLocalPath13 = Rti.AccountManagerService\\Rti.AccountManagerServer
		SccProjectUniqueName14 = Rti.AdministrationService\\Rti.AdministrationService\\Rti.AdministrationService.csproj
		SccProjectName14 = \u0022$/EmWareCollection/Rti.AdministrationService/Rti.AdministrationService\u0022,\u0020FTPAAAAA
		SccLocalPath14 = Rti.AdministrationService\\Rti.AdministrationService
		SccProjectUniqueName15 = Rti.DocumentManagerService\\Rti.DocumentManagerService\\Rti.DocumentManagerService.csproj
		SccProjectName15 = \u0022$/EmWareCollection/Rti.DocumentManagerService/Rti.DocumentManagerService\u0022,\u0020XAOAAAAA
		SccLocalPath15 = Rti.DocumentManagerService\\Rti.DocumentManagerService
		SccProjectUniqueName16 = Rti.ReportingService\\Rti.ReportingService\\Rti.ReportingService.csproj
		SccProjectName16 = \u0022$/EmWareCollection/Rti.ReportingService/Rti.ReportingService\u0022,\u0020BTOAAAAA
		SccLocalPath16 = Rti.ReportingService\\Rti.ReportingService
		SccProjectUniqueName17 = Rti.ReportingService\\Rti.ReportingServer\\Rti.ReportingServer.csproj
		SccProjectName17 = \u0022$/EmWareCollection/Rti.ReportingService/Rti.ReportingServer\u0022,\u0020XROAAAAA
		SccLocalPath17 = Rti.ReportingService\\Rti.ReportingServer
		SccProjectUniqueName18 = Rti.RequestManagerService\\Rti.RequestManagerService\\Rti.RequestManagerService.csproj
		SccProjectName18 = \u0022$/EmWareCollection/Rti.RequestManagerService/Rti.RequestManagerService\u0022,\u0020DAPAAAAA
		SccLocalPath18 = Rti.RequestManagerService\\Rti.RequestManagerService
		SccProjectUniqueName19 = Rti.RequestManagerService\\Rti.RequestManagerServer\\Rti.RequestManagerServer.csproj
		SccProjectName19 = \u0022$/EmWareCollection/Rti.RequestManagerService/Rti.RequestManagerServer\u0022,\u0020BXOAAAAA
		SccLocalPath19 = Rti.RequestManagerService\\Rti.RequestManagerServer
		SccProjectUniqueName20 = Rti.EagleIqGatewayService\\Rti.EagleIqGatewayService\\Rti.EagleIqGatewayService.csproj
		SccProjectName20 = \u0022$/EmWareCollection/Rti.EagleIqGatewayService/Rti.EagleIqGatewayService\u0022,\u0020BCRAAAAA
		SccLocalPath20 = Rti.EagleIqGatewayService\\Rti.EagleIqGatewayService
		SccProjectUniqueName21 = Rti.RemoteFileTransfer\\Rti.RemoteFileTransfer.csproj
		SccProjectTopLevelParentUniqueName21 = BuildAll.sln
		SccProjectName21 = \u0022$/EmWareCollection/Rti.RemoteFileTransfer\u0022,\u0020SHZAAAAA
		SccLocalPath21 = Rti.RemoteFileTransfer
	EndGlobalSection
	GlobalSection(SolutionConfigurationPlatforms) = preSolution
		Debug|Any CPU = Debug|Any CPU
		Debug|Mixed Platforms = Debug|Mixed Platforms
		Debug|x86 = Debug|x86
		LIVE|Any CPU = LIVE|Any CPU
		LIVE|Mixed Platforms = LIVE|Mixed Platforms
		LIVE|x86 = LIVE|x86
		Release|Any CPU = Release|Any CPU
		Release|Mixed Platforms = Release|Mixed Platforms
		Release|x86 = Release|x86
	EndGlobalSection
	GlobalSection(ProjectConfigurationPlatforms) = postSolution
		{7143739E-B054-42B6-A474-87F0F8ADB666}.Debug|Any CPU.ActiveCfg = Debug|x86
		{7143739E-B054-42B6-A474-87F0F8ADB666}.Debug|Mixed Platforms.ActiveCfg = Debug|x86
		{7143739E-B054-42B6-A474-87F0F8ADB666}.Debug|Mixed Platforms.Build.0 = Debug|x86
		{7143739E-B054-42B6-A474-87F0F8ADB666}.Debug|x86.ActiveCfg = Debug|x86
		{7143739E-B054-42B6-A474-87F0F8ADB666}.Debug|x86.Build.0 = Debug|x86
		{7143739E-B054-42B6-A474-87F0F8ADB666}.LIVE|Any CPU.ActiveCfg = Release|x86
		{7143739E-B054-42B6-A474-87F0F8ADB666}.LIVE|Mixed Platforms.ActiveCfg = LIVE|x86
		{7143739E-B054-42B6-A474-87F0F8ADB666}.LIVE|Mixed Platforms.Build.0 = LIVE|x86
		{7143739E-B054-42B6-A474-87F0F8ADB666}.LIVE|x86.ActiveCfg = Release|x86
		{7143739E-B054-42B6-A474-87F0F8ADB666}.LIVE|x86.Build.0 = Release|x86
		{7143739E-B054-42B6-A474-87F0F8ADB666}.Release|Any CPU.ActiveCfg = Release|x86
		{7143739E-B054-42B6-A474-87F0F8ADB666}.Release|Mixed Platforms.ActiveCfg = Release|x86
		{7143739E-B054-42B6-A474-87F0F8ADB666}.Release|Mixed Platforms.Build.0 = Release|x86
		{7143739E-B054-42B6-A474-87F0F8ADB666}.Release|x86.ActiveCfg = Release|x86
		{7143739E-B054-42B6-A474-87F0F8ADB666}.Release|x86.Build.0 = Release|x86
		{BA767011-CA53-49C3-B2C3-7466E3E406B9}.Debug|Any CPU.ActiveCfg = Debug|Any CPU
		{BA767011-CA53-49C3-B2C3-7466E3E406B9}.Debug|Any CPU.Build.0 = Debug|Any CPU
		{BA767011-CA53-49C3-B2C3-7466E3E406B9}.Debug|Mixed Platforms.ActiveCfg = Debug|Any CPU
		{BA767011-CA53-49C3-B2C3-7466E3E406B9}.Debug|Mixed Platforms.Build.0 = Debug|Any CPU
		{BA767011-CA53-49C3-B2C3-7466E3E406B9}.Debug|x86.ActiveCfg = Debug|Any CPU
		{BA767011-CA53-49C3-B2C3-7466E3E406B9}.LIVE|Any CPU.ActiveCfg = Release|Any CPU
		{BA767011-CA53-49C3-B2C3-7466E3E406B9}.LIVE|Any CPU.Build.0 = Release|Any CPU
		{BA767011-CA53-49C3-B2C3-7466E3E406B9}.LIVE|Mixed Platforms.ActiveCfg = Release|Any CPU
		{BA767011-CA53-49C3-B2C3-7466E3E406B9}.LIVE|Mixed Platforms.Build.0 = Release|Any CPU
		{BA767011-CA53-49C3-B2C3-7466E3E406B9}.LIVE|x86.ActiveCfg = Release|Any CPU
		{BA767011-CA53-49C3-B2C3-7466E3E406B9}.Release|Any CPU.ActiveCfg = Release|Any CPU
		{BA767011-CA53-49C3-B2C3-7466E3E406B9}.Release|Any CPU.Build.0 = Release|Any CPU
		{BA767011-CA53-49C3-B2C3-7466E3E406B9}.Release|Mixed Platforms.ActiveCfg = Release|Any CPU
		{BA767011-CA53-49C3-B2C3-7466E3E406B9}.Release|Mixed Platforms.Build.0 = Release|Any CPU
		{BA767011-CA53-49C3-B2C3-7466E3E406B9}.Release|x86.ActiveCfg = Release|Any CPU
		{7B47E43E-29DA-479A-A3D8-AF2BED427114}.Debug|Any CPU.ActiveCfg = Debug|Any CPU
		{7B47E43E-29DA-479A-A3D8-AF2BED427114}.Debug|Any CPU.Build.0 = Debug|Any CPU
		{7B47E43E-29DA-479A-A3D8-AF2BED427114}.Debug|Mixed Platforms.ActiveCfg = Debug|Any CPU
		{7B47E43E-29DA-479A-A3D8-AF2BED427114}.Debug|Mixed Platforms.Build.0 = Debug|Any CPU
		{7B47E43E-29DA-479A-A3D8-AF2BED427114}.Debug|x86.ActiveCfg = Debug|Any CPU
		{7B47E43E-29DA-479A-A3D8-AF2BED427114}.LIVE|Any CPU.ActiveCfg = Release|Any CPU
		{7B47E43E-29DA-479A-A3D8-AF2BED427114}.LIVE|Any CPU.Build.0 = Release|Any CPU
		{7B47E43E-29DA-479A-A3D8-AF2BED427114}.LIVE|Mixed Platforms.ActiveCfg = Release|Any CPU
		{7B47E43E-29DA-479A-A3D8-AF2BED427114}.LIVE|Mixed Platforms.Build.0 = Release|Any CPU
		{7B47E43E-29DA-479A-A3D8-AF2BED427114}.LIVE|x86.ActiveCfg = Release|Any CPU
		{7B47E43E-29DA-479A-A3D8-AF2BED427114}.Release|Any CPU.ActiveCfg = Release|Any CPU
		{7B47E43E-29DA-479A-A3D8-AF2BED427114}.Release|Any CPU.Build.0 = Release|Any CPU
		{7B47E43E-29DA-479A-A3D8-AF2BED427114}.Release|Mixed Platforms.ActiveCfg = Release|Any CPU
		{7B47E43E-29DA-479A-A3D8-AF2BED427114}.Release|Mixed Platforms.Build.0 = Release|Any CPU
		{7B47E43E-29DA-479A-A3D8-AF2BED427114}.Release|x86.ActiveCfg = Release|Any CPU
		{D7C19B63-5C80-46EE-A431-29694254C7F9}.Debug|Any CPU.ActiveCfg = Debug|x86
		{D7C19B63-5C80-46EE-A431-29694254C7F9}.Debug|Mixed Platforms.ActiveCfg = Debug|x86
		{D7C19B63-5C80-46EE-A431-29694254C7F9}.Debug|Mixed Platforms.Build.0 = Debug|x86
		{D7C19B63-5C80-46EE-A431-29694254C7F9}.Debug|x86.ActiveCfg = Debug|x86
		{D7C19B63-5C80-46EE-A431-29694254C7F9}.Debug|x86.Build.0 = Debug|x86
		{D7C19B63-5C80-46EE-A431-29694254C7F9}.LIVE|Any CPU.ActiveCfg = Release|x86
		{D7C19B63-5C80-46EE-A431-29694254C7F9}.LIVE|Mixed Platforms.ActiveCfg = Release|x86
		{D7C19B63-5C80-46EE-A431-29694254C7F9}.LIVE|Mixed Platforms.Build.0 = Release|x86
		{D7C19B63-5C80-46EE-A431-29694254C7F9}.LIVE|x86.ActiveCfg = Release|x86
		{D7C19B63-5C80-46EE-A431-29694254C7F9}.LIVE|x86.Build.0 = Release|x86
		{D7C19B63-5C80-46EE-A431-29694254C7F9}.Release|Any CPU.ActiveCfg = Release|x86
		{D7C19B63-5C80-46EE-A431-29694254C7F9}.Release|Mixed Platforms.ActiveCfg = Release|x86
		{D7C19B63-5C80-46EE-A431-29694254C7F9}.Release|Mixed Platforms.Build.0 = Release|x86
		{D7C19B63-5C80-46EE-A431-29694254C7F9}.Release|x86.ActiveCfg = Release|x86
		{D7C19B63-5C80-46EE-A431-29694254C7F9}.Release|x86.Build.0 = Release|x86
		{22720DD4-00F8-4226-AD2D-EDA8F48ADF2D}.Debug|Any CPU.ActiveCfg = Debug|x86
		{22720DD4-00F8-4226-AD2D-EDA8F48ADF2D}.Debug|Mixed Platforms.ActiveCfg = Debug|x86
		{22720DD4-00F8-4226-AD2D-EDA8F48ADF2D}.Debug|Mixed Platforms.Build.0 = Debug|x86
		{22720DD4-00F8-4226-AD2D-EDA8F48ADF2D}.Debug|x86.ActiveCfg = Debug|x86
		{22720DD4-00F8-4226-AD2D-EDA8F48ADF2D}.Debug|x86.Build.0 = Debug|x86
		{22720DD4-00F8-4226-AD2D-EDA8F48ADF2D}.LIVE|Any CPU.ActiveCfg = Release|x86
		{22720DD4-00F8-4226-AD2D-EDA8F48ADF2D}.LIVE|Mixed Platforms.ActiveCfg = Release|x86
		{22720DD4-00F8-4226-AD2D-EDA8F48ADF2D}.LIVE|Mixed Platforms.Build.0 = Release|x86
		{22720DD4-00F8-4226-AD2D-EDA8F48ADF2D}.LIVE|x86.ActiveCfg = Release|x86
		{22720DD4-00F8-4226-AD2D-EDA8F48ADF2D}.LIVE|x86.Build.0 = Release|x86
		{22720DD4-00F8-4226-AD2D-EDA8F48ADF2D}.Release|Any CPU.ActiveCfg = Release|x86
		{22720DD4-00F8-4226-AD2D-EDA8F48ADF2D}.Release|Mixed Platforms.ActiveCfg = Release|x86
		{22720DD4-00F8-4226-AD2D-EDA8F48ADF2D}.Release|Mixed Platforms.Build.0 = Release|x86
		{22720DD4-00F8-4226-AD2D-EDA8F48ADF2D}.Release|x86.ActiveCfg = Release|x86
		{22720DD4-00F8-4226-AD2D-EDA8F48ADF2D}.Release|x86.Build.0 = Release|x86
		{906DA013-0CCA-40CB-B521-45CD6676B74A}.Debug|Any CPU.ActiveCfg = Debug|x86
		{906DA013-0CCA-40CB-B521-45CD6676B74A}.Debug|Mixed Platforms.ActiveCfg = Debug|x86
		{906DA013-0CCA-40CB-B521-45CD6676B74A}.Debug|Mixed Platforms.Build.0 = Debug|x86
		{906DA013-0CCA-40CB-B521-45CD6676B74A}.Debug|x86.ActiveCfg = Debug|x86
		{906DA013-0CCA-40CB-B521-45CD6676B74A}.Debug|x86.Build.0 = Debug|x86
		{906DA013-0CCA-40CB-B521-45CD6676B74A}.LIVE|Any CPU.ActiveCfg = Release|x86
		{906DA013-0CCA-40CB-B521-45CD6676B74A}.LIVE|Mixed Platforms.ActiveCfg = LIVE|x86
		{906DA013-0CCA-40CB-B521-45CD6676B74A}.LIVE|Mixed Platforms.Build.0 = LIVE|x86
		{906DA013-0CCA-40CB-B521-45CD6676B74A}.LIVE|x86.ActiveCfg = Release|x86
		{906DA013-0CCA-40CB-B521-45CD6676B74A}.LIVE|x86.Build.0 = Release|x86
		{906DA013-0CCA-40CB-B521-45CD6676B74A}.Release|Any CPU.ActiveCfg = Release|x86
		{906DA013-0CCA-40CB-B521-45CD6676B74A}.Release|Mixed Platforms.ActiveCfg = Release|x86
		{906DA013-0CCA-40CB-B521-45CD6676B74A}.Release|Mixed Platforms.Build.0 = Release|x86
		{906DA013-0CCA-40CB-B521-45CD6676B74A}.Release|x86.ActiveCfg = Release|x86
		{906DA013-0CCA-40CB-B521-45CD6676B74A}.Release|x86.Build.0 = Release|x86
		{E8825EBA-107A-43E7-A5B4-3AF562000377}.Debug|Any CPU.ActiveCfg = Debug|x86
		{E8825EBA-107A-43E7-A5B4-3AF562000377}.Debug|Mixed Platforms.ActiveCfg = Debug|x86
		{E8825EBA-107A-43E7-A5B4-3AF562000377}.Debug|Mixed Platforms.Build.0 = Debug|x86
		{E8825EBA-107A-43E7-A5B4-3AF562000377}.Debug|x86.ActiveCfg = Debug|x86
		{E8825EBA-107A-43E7-A5B4-3AF562000377}.Debug|x86.Build.0 = Debug|x86
		{E8825EBA-107A-43E7-A5B4-3AF562000377}.LIVE|Any CPU.ActiveCfg = Release|x86
		{E8825EBA-107A-43E7-A5B4-3AF562000377}.LIVE|Mixed Platforms.ActiveCfg = LIVE|x86
		{E8825EBA-107A-43E7-A5B4-3AF562000377}.LIVE|Mixed Platforms.Build.0 = LIVE|x86
		{E8825EBA-107A-43E7-A5B4-3AF562000377}.LIVE|x86.ActiveCfg = Release|x86
		{E8825EBA-107A-43E7-A5B4-3AF562000377}.LIVE|x86.Build.0 = Release|x86
		{E8825EBA-107A-43E7-A5B4-3AF562000377}.Release|Any CPU.ActiveCfg = Release|x86
		{E8825EBA-107A-43E7-A5B4-3AF562000377}.Release|Mixed Platforms.ActiveCfg = Release|x86
		{E8825EBA-107A-43E7-A5B4-3AF562000377}.Release|Mixed Platforms.Build.0 = Release|x86
		{E8825EBA-107A-43E7-A5B4-3AF562000377}.Release|x86.ActiveCfg = Release|x86
		{E8825EBA-107A-43E7-A5B4-3AF562000377}.Release|x86.Build.0 = Release|x86
		{A4867749-A710-4078-BCF7-D89F56C8DEF3}.Debug|Any CPU.ActiveCfg = Debug|x86
		{A4867749-A710-4078-BCF7-D89F56C8DEF3}.Debug|Mixed Platforms.ActiveCfg = Debug|x86
		{A4867749-A710-4078-BCF7-D89F56C8DEF3}.Debug|Mixed Platforms.Build.0 = Debug|x86
		{A4867749-A710-4078-BCF7-D89F56C8DEF3}.Debug|x86.ActiveCfg = Debug|x86
		{A4867749-A710-4078-BCF7-D89F56C8DEF3}.Debug|x86.Build.0 = Debug|x86
		{A4867749-A710-4078-BCF7-D89F56C8DEF3}.LIVE|Any CPU.ActiveCfg = Release|x86
		{A4867749-A710-4078-BCF7-D89F56C8DEF3}.LIVE|Mixed Platforms.ActiveCfg = LIVE|x86
		{A4867749-A710-4078-BCF7-D89F56C8DEF3}.LIVE|Mixed Platforms.Build.0 = LIVE|x86
		{A4867749-A710-4078-BCF7-D89F56C8DEF3}.LIVE|x86.ActiveCfg = Release|x86
		{A4867749-A710-4078-BCF7-D89F56C8DEF3}.LIVE|x86.Build.0 = Release|x86
		{A4867749-A710-4078-BCF7-D89F56C8DEF3}.Release|Any CPU.ActiveCfg = Release|x86
		{A4867749-A710-4078-BCF7-D89F56C8DEF3}.Release|Mixed Platforms.ActiveCfg = Release|x86
		{A4867749-A710-4078-BCF7-D89F56C8DEF3}.Release|Mixed Platforms.Build.0 = Release|x86
		{A4867749-A710-4078-BCF7-D89F56C8DEF3}.Release|x86.ActiveCfg = Release|x86
		{A4867749-A710-4078-BCF7-D89F56C8DEF3}.Release|x86.Build.0 = Release|x86
		{8DA4B379-086D-4BFD-9D1C-27780EC01349}.Debug|Any CPU.ActiveCfg = Debug|x86
		{8DA4B379-086D-4BFD-9D1C-27780EC01349}.Debug|Mixed Platforms.ActiveCfg = Debug|x86
		{8DA4B379-086D-4BFD-9D1C-27780EC01349}.Debug|Mixed Platforms.Build.0 = Debug|x86
		{8DA4B379-086D-4BFD-9D1C-27780EC01349}.Debug|x86.ActiveCfg = Debug|x86
		{8DA4B379-086D-4BFD-9D1C-27780EC01349}.Debug|x86.Build.0 = Debug|x86
		{8DA4B379-086D-4BFD-9D1C-27780EC01349}.LIVE|Any CPU.ActiveCfg = Release|x86
		{8DA4B379-086D-4BFD-9D1C-27780EC01349}.LIVE|Mixed Platforms.ActiveCfg = LIVE|x86
		{8DA4B379-086D-4BFD-9D1C-27780EC01349}.LIVE|Mixed Platforms.Build.0 = LIVE|x86
		{8DA4B379-086D-4BFD-9D1C-27780EC01349}.LIVE|x86.ActiveCfg = Release|x86
		{8DA4B379-086D-4BFD-9D1C-27780EC01349}.LIVE|x86.Build.0 = Release|x86
		{8DA4B379-086D-4BFD-9D1C-27780EC01349}.Release|Any CPU.ActiveCfg = Release|x86
		{8DA4B379-086D-4BFD-9D1C-27780EC01349}.Release|Mixed Platforms.ActiveCfg = Release|x86
		{8DA4B379-086D-4BFD-9D1C-27780EC01349}.Release|Mixed Platforms.Build.0 = Release|x86
		{8DA4B379-086D-4BFD-9D1C-27780EC01349}.Release|x86.ActiveCfg = Release|x86
		{8DA4B379-086D-4BFD-9D1C-27780EC01349}.Release|x86.Build.0 = Release|x86
		{11C8B75E-004F-480F-89BD-F078F8DA88F6}.Debug|Any CPU.ActiveCfg = Debug|x86
		{11C8B75E-004F-480F-89BD-F078F8DA88F6}.Debug|Mixed Platforms.ActiveCfg = Debug|x86
		{11C8B75E-004F-480F-89BD-F078F8DA88F6}.Debug|Mixed Platforms.Build.0 = Debug|x86
		{11C8B75E-004F-480F-89BD-F078F8DA88F6}.Debug|x86.ActiveCfg = Debug|x86
		{11C8B75E-004F-480F-89BD-F078F8DA88F6}.Debug|x86.Build.0 = Debug|x86
		{11C8B75E-004F-480F-89BD-F078F8DA88F6}.LIVE|Any CPU.ActiveCfg = Release|x86
		{11C8B75E-004F-480F-89BD-F078F8DA88F6}.LIVE|Mixed Platforms.ActiveCfg = Release|x86
		{11C8B75E-004F-480F-89BD-F078F8DA88F6}.LIVE|Mixed Platforms.Build.0 = Release|x86
		{11C8B75E-004F-480F-89BD-F078F8DA88F6}.LIVE|x86.ActiveCfg = Release|x86
		{11C8B75E-004F-480F-89BD-F078F8DA88F6}.LIVE|x86.Build.0 = Release|x86
		{11C8B75E-004F-480F-89BD-F078F8DA88F6}.Release|Any CPU.ActiveCfg = Release|x86
		{11C8B75E-004F-480F-89BD-F078F8DA88F6}.Release|Mixed Platforms.ActiveCfg = Release|x86
		{11C8B75E-004F-480F-89BD-F078F8DA88F6}.Release|Mixed Platforms.Build.0 = Release|x86
		{11C8B75E-004F-480F-89BD-F078F8DA88F6}.Release|x86.ActiveCfg = Release|x86
		{11C8B75E-004F-480F-89BD-F078F8DA88F6}.Release|x86.Build.0 = Release|x86
		{50911F99-7DFA-4A53-973F-8BD81DBE30BE}.Debug|Any CPU.ActiveCfg = Debug|x86
		{50911F99-7DFA-4A53-973F-8BD81DBE30BE}.Debug|Mixed Platforms.ActiveCfg = Debug|x86
		{50911F99-7DFA-4A53-973F-8BD81DBE30BE}.Debug|Mixed Platforms.Build.0 = Debug|x86
		{50911F99-7DFA-4A53-973F-8BD81DBE30BE}.Debug|x86.ActiveCfg = Debug|x86
		{50911F99-7DFA-4A53-973F-8BD81DBE30BE}.Debug|x86.Build.0 = Debug|x86
		{50911F99-7DFA-4A53-973F-8BD81DBE30BE}.LIVE|Any CPU.ActiveCfg = Release|x86
		{50911F99-7DFA-4A53-973F-8BD81DBE30BE}.LIVE|Mixed Platforms.ActiveCfg = Release|x86
		{50911F99-7DFA-4A53-973F-8BD81DBE30BE}.LIVE|Mixed Platforms.Build.0 = Release|x86
		{50911F99-7DFA-4A53-973F-8BD81DBE30BE}.LIVE|x86.ActiveCfg = Release|x86
		{50911F99-7DFA-4A53-973F-8BD81DBE30BE}.LIVE|x86.Build.0 = Release|x86
		{50911F99-7DFA-4A53-973F-8BD81DBE30BE}.Release|Any CPU.ActiveCfg = Release|x86
		{50911F99-7DFA-4A53-973F-8BD81DBE30BE}.Release|Mixed Platforms.ActiveCfg = Release|x86
		{50911F99-7DFA-4A53-973F-8BD81DBE30BE}.Release|Mixed Platforms.Build.0 = Release|x86
		{50911F99-7DFA-4A53-973F-8BD81DBE30BE}.Release|x86.ActiveCfg = Release|x86
		{50911F99-7DFA-4A53-973F-8BD81DBE30BE}.Release|x86.Build.0 = Release|x86
		{1DBDFB60-90CF-4F46-925B-437EA00BE4F5}.Debug|Any CPU.ActiveCfg = Debug|x86
		{1DBDFB60-90CF-4F46-925B-437EA00BE4F5}.Debug|Mixed Platforms.ActiveCfg = Debug|x86
		{1DBDFB60-90CF-4F46-925B-437EA00BE4F5}.Debug|Mixed Platforms.Build.0 = Debug|x86
		{1DBDFB60-90CF-4F46-925B-437EA00BE4F5}.Debug|x86.ActiveCfg = Debug|x86
		{1DBDFB60-90CF-4F46-925B-437EA00BE4F5}.Debug|x86.Build.0 = Debug|x86
		{1DBDFB60-90CF-4F46-925B-437EA00BE4F5}.LIVE|Any CPU.ActiveCfg = Release|x86
		{1DBDFB60-90CF-4F46-925B-437EA00BE4F5}.LIVE|Mixed Platforms.ActiveCfg = Release|x86
		{1DBDFB60-90CF-4F46-925B-437EA00BE4F5}.LIVE|Mixed Platforms.Build.0 = Release|x86
		{1DBDFB60-90CF-4F46-925B-437EA00BE4F5}.LIVE|x86.ActiveCfg = Release|x86
		{1DBDFB60-90CF-4F46-925B-437EA00BE4F5}.LIVE|x86.Build.0 = Release|x86
		{1DBDFB60-90CF-4F46-925B-437EA00BE4F5}.Release|Any CPU.ActiveCfg = Release|x86
		{1DBDFB60-90CF-4F46-925B-437EA00BE4F5}.Release|Mixed Platforms.ActiveCfg = Release|x86
		{1DBDFB60-90CF-4F46-925B-437EA00BE4F5}.Release|Mixed Platforms.Build.0 = Release|x86
		{1DBDFB60-90CF-4F46-925B-437EA00BE4F5}.Release|x86.ActiveCfg = Release|x86
		{1DBDFB60-90CF-4F46-925B-437EA00BE4F5}.Release|x86.Build.0 = Release|x86
		{EDE3898C-76F1-4AB4-9007-0FEAAC69033F}.Debug|Any CPU.ActiveCfg = Debug|x86
		{EDE3898C-76F1-4AB4-9007-0FEAAC69033F}.Debug|Mixed Platforms.ActiveCfg = Debug|x86
		{EDE3898C-76F1-4AB4-9007-0FEAAC69033F}.Debug|Mixed Platforms.Build.0 = Debug|x86
		{EDE3898C-76F1-4AB4-9007-0FEAAC69033F}.Debug|x86.ActiveCfg = Debug|x86
		{EDE3898C-76F1-4AB4-9007-0FEAAC69033F}.Debug|x86.Build.0 = Debug|x86
		{EDE3898C-76F1-4AB4-9007-0FEAAC69033F}.LIVE|Any CPU.ActiveCfg = Release|x86
		{EDE3898C-76F1-4AB4-9007-0FEAAC69033F}.LIVE|Mixed Platforms.ActiveCfg = Release|x86
		{EDE3898C-76F1-4AB4-9007-0FEAAC69033F}.LIVE|Mixed Platforms.Build.0 = Release|x86
		{EDE3898C-76F1-4AB4-9007-0FEAAC69033F}.LIVE|x86.ActiveCfg = Release|x86
		{EDE3898C-76F1-4AB4-9007-0FEAAC69033F}.LIVE|x86.Build.0 = Release|x86
		{EDE3898C-76F1-4AB4-9007-0FEAAC69033F}.Release|Any CPU.ActiveCfg = Release|x86
		{EDE3898C-76F1-4AB4-9007-0FEAAC69033F}.Release|Mixed Platforms.ActiveCfg = Release|x86
		{EDE3898C-76F1-4AB4-9007-0FEAAC69033F}.Release|Mixed Platforms.Build.0 = Release|x86
		{EDE3898C-76F1-4AB4-9007-0FEAAC69033F}.Release|x86.ActiveCfg = Release|x86
		{EDE3898C-76F1-4AB4-9007-0FEAAC69033F}.Release|x86.Build.0 = Release|x86
		{42F71D2B-6BD0-4703-A681-85E777E5A89F}.Debug|Any CPU.ActiveCfg = Debug|Any CPU
		{42F71D2B-6BD0-4703-A681-85E777E5A89F}.Debug|Any CPU.Build.0 = Debug|Any CPU
		{42F71D2B-6BD0-4703-A681-85E777E5A89F}.Debug|Mixed Platforms.ActiveCfg = Debug|Any CPU
		{42F71D2B-6BD0-4703-A681-85E777E5A89F}.Debug|Mixed Platforms.Build.0 = Debug|Any CPU
		{42F71D2B-6BD0-4703-A681-85E777E5A89F}.Debug|x86.ActiveCfg = Debug|Any CPU
		{42F71D2B-6BD0-4703-A681-85E777E5A89F}.LIVE|Any CPU.ActiveCfg = Release|Any CPU
		{42F71D2B-6BD0-4703-A681-85E777E5A89F}.LIVE|Any CPU.Build.0 = Release|Any CPU
		{42F71D2B-6BD0-4703-A681-85E777E5A89F}.LIVE|Mixed Platforms.ActiveCfg = Release|Any CPU
		{42F71D2B-6BD0-4703-A681-85E777E5A89F}.LIVE|Mixed Platforms.Build.0 = Release|Any CPU
		{42F71D2B-6BD0-4703-A681-85E777E5A89F}.LIVE|x86.ActiveCfg = Release|Any CPU
		{42F71D2B-6BD0-4703-A681-85E777E5A89F}.Release|Any CPU.ActiveCfg = Release|Any CPU
		{42F71D2B-6BD0-4703-A681-85E777E5A89F}.Release|Any CPU.Build.0 = Release|Any CPU
		{42F71D2B-6BD0-4703-A681-85E777E5A89F}.Release|Mixed Platforms.ActiveCfg = Release|Any CPU
		{42F71D2B-6BD0-4703-A681-85E777E5A89F}.Release|Mixed Platforms.Build.0 = Release|Any CPU
		{42F71D2B-6BD0-4703-A681-85E777E5A89F}.Release|x86.ActiveCfg = Release|Any CPU
		{435DBED8-BDFF-423B-BD9D-DABAA2E40BD5}.Debug|Any CPU.ActiveCfg = Debug|x86
		{435DBED8-BDFF-423B-BD9D-DABAA2E40BD5}.Debug|Mixed Platforms.ActiveCfg = Debug|x86
		{435DBED8-BDFF-423B-BD9D-DABAA2E40BD5}.Debug|Mixed Platforms.Build.0 = Debug|x86
		{435DBED8-BDFF-423B-BD9D-DABAA2E40BD5}.Debug|x86.ActiveCfg = Debug|x86
		{435DBED8-BDFF-423B-BD9D-DABAA2E40BD5}.Debug|x86.Build.0 = Debug|x86
		{435DBED8-BDFF-423B-BD9D-DABAA2E40BD5}.LIVE|Any CPU.ActiveCfg = Release|x86
		{435DBED8-BDFF-423B-BD9D-DABAA2E40BD5}.LIVE|Mixed Platforms.ActiveCfg = LIVE|x86
		{435DBED8-BDFF-423B-BD9D-DABAA2E40BD5}.LIVE|Mixed Platforms.Build.0 = LIVE|x86
		{435DBED8-BDFF-423B-BD9D-DABAA2E40BD5}.LIVE|x86.ActiveCfg = Release|x86
		{435DBED8-BDFF-423B-BD9D-DABAA2E40BD5}.LIVE|x86.Build.0 = Release|x86
		{435DBED8-BDFF-423B-BD9D-DABAA2E40BD5}.Release|Any CPU.ActiveCfg = Release|x86
		{435DBED8-BDFF-423B-BD9D-DABAA2E40BD5}.Release|Mixed Platforms.ActiveCfg = Release|x86
		{435DBED8-BDFF-423B-BD9D-DABAA2E40BD5}.Release|Mixed Platforms.Build.0 = Release|x86
		{435DBED8-BDFF-423B-BD9D-DABAA2E40BD5}.Release|x86.ActiveCfg = Release|x86
		{435DBED8-BDFF-423B-BD9D-DABAA2E40BD5}.Release|x86.Build.0 = Release|x86
		{37D6D815-0FB7-4AFA-8F8E-76FF71B71945}.Debug|Any CPU.ActiveCfg = Debug|x86
		{37D6D815-0FB7-4AFA-8F8E-76FF71B71945}.Debug|Mixed Platforms.ActiveCfg = Debug|x86
		{37D6D815-0FB7-4AFA-8F8E-76FF71B71945}.Debug|Mixed Platforms.Build.0 = Debug|x86
		{37D6D815-0FB7-4AFA-8F8E-76FF71B71945}.Debug|x86.ActiveCfg = Debug|x86
		{37D6D815-0FB7-4AFA-8F8E-76FF71B71945}.Debug|x86.Build.0 = Debug|x86
		{37D6D815-0FB7-4AFA-8F8E-76FF71B71945}.LIVE|Any CPU.ActiveCfg = Release|x86
		{37D6D815-0FB7-4AFA-8F8E-76FF71B71945}.LIVE|Mixed Platforms.ActiveCfg = LIVE|x86
		{37D6D815-0FB7-4AFA-8F8E-76FF71B71945}.LIVE|Mixed Platforms.Build.0 = LIVE|x86
		{37D6D815-0FB7-4AFA-8F8E-76FF71B71945}.LIVE|x86.ActiveCfg = Release|x86
		{37D6D815-0FB7-4AFA-8F8E-76FF71B71945}.LIVE|x86.Build.0 = Release|x86
		{37D6D815-0FB7-4AFA-8F8E-76FF71B71945}.Release|Any CPU.ActiveCfg = Release|x86
		{37D6D815-0FB7-4AFA-8F8E-76FF71B71945}.Release|Mixed Platforms.ActiveCfg = Release|x86
		{37D6D815-0FB7-4AFA-8F8E-76FF71B71945}.Release|Mixed Platforms.Build.0 = Release|x86
		{37D6D815-0FB7-4AFA-8F8E-76FF71B71945}.Release|x86.ActiveCfg = Release|x86
		{37D6D815-0FB7-4AFA-8F8E-76FF71B71945}.Release|x86.Build.0 = Release|x86
		{6BCC6ADA-2AB0-4CBE-AFA6-51C8C5A654FB}.Debug|Any CPU.ActiveCfg = Debug|Any CPU
		{6BCC6ADA-2AB0-4CBE-AFA6-51C8C5A654FB}.Debug|Any CPU.Build.0 = Debug|Any CPU
		{6BCC6ADA-2AB0-4CBE-AFA6-51C8C5A654FB}.Debug|Mixed Platforms.ActiveCfg = Debug|Any CPU
		{6BCC6ADA-2AB0-4CBE-AFA6-51C8C5A654FB}.Debug|Mixed Platforms.Build.0 = Debug|Any CPU
		{6BCC6ADA-2AB0-4CBE-AFA6-51C8C5A654FB}.Debug|x86.ActiveCfg = Debug|Any CPU
		{6BCC6ADA-2AB0-4CBE-AFA6-51C8C5A654FB}.LIVE|Any CPU.ActiveCfg = Release|Any CPU
		{6BCC6ADA-2AB0-4CBE-AFA6-51C8C5A654FB}.LIVE|Any CPU.Build.0 = Release|Any CPU
		{6BCC6ADA-2AB0-4CBE-AFA6-51C8C5A654FB}.LIVE|Mixed Platforms.ActiveCfg = Release|Any CPU
		{6BCC6ADA-2AB0-4CBE-AFA6-51C8C5A654FB}.LIVE|Mixed Platforms.Build.0 = Release|Any CPU
		{6BCC6ADA-2AB0-4CBE-AFA6-51C8C5A654FB}.LIVE|x86.ActiveCfg = Release|Any CPU
		{6BCC6ADA-2AB0-4CBE-AFA6-51C8C5A654FB}.Release|Any CPU.ActiveCfg = Release|Any CPU
		{6BCC6ADA-2AB0-4CBE-AFA6-51C8C5A654FB}.Release|Any CPU.Build.0 = Release|Any CPU
		{6BCC6ADA-2AB0-4CBE-AFA6-51C8C5A654FB}.Release|Mixed Platforms.ActiveCfg = Release|Any CPU
		{6BCC6ADA-2AB0-4CBE-AFA6-51C8C5A654FB}.Release|Mixed Platforms.Build.0 = Release|Any CPU
		{6BCC6ADA-2AB0-4CBE-AFA6-51C8C5A654FB}.Release|x86.ActiveCfg = Release|Any CPU
		{C5DCBC81-354F-4C9C-A461-705A6D7A01DE}.Debug|Any CPU.ActiveCfg = Debug|x86
		{C5DCBC81-354F-4C9C-A461-705A6D7A01DE}.Debug|Mixed Platforms.ActiveCfg = Debug|x86
		{C5DCBC81-354F-4C9C-A461-705A6D7A01DE}.Debug|Mixed Platforms.Build.0 = Debug|x86
		{C5DCBC81-354F-4C9C-A461-705A6D7A01DE}.Debug|x86.ActiveCfg = Debug|x86
		{C5DCBC81-354F-4C9C-A461-705A6D7A01DE}.Debug|x86.Build.0 = Debug|x86
		{C5DCBC81-354F-4C9C-A461-705A6D7A01DE}.LIVE|Any CPU.ActiveCfg = Release|x86
		{C5DCBC81-354F-4C9C-A461-705A6D7A01DE}.LIVE|Mixed Platforms.ActiveCfg = Release|x86
		{C5DCBC81-354F-4C9C-A461-705A6D7A01DE}.LIVE|Mixed Platforms.Build.0 = Release|x86
		{C5DCBC81-354F-4C9C-A461-705A6D7A01DE}.LIVE|x86.ActiveCfg = Release|x86
		{C5DCBC81-354F-4C9C-A461-705A6D7A01DE}.LIVE|x86.Build.0 = Release|x86
		{C5DCBC81-354F-4C9C-A461-705A6D7A01DE}.Release|Any CPU.ActiveCfg = Release|x86
		{C5DCBC81-354F-4C9C-A461-705A6D7A01DE}.Release|Mixed Platforms.ActiveCfg = Release|x86
		{C5DCBC81-354F-4C9C-A461-705A6D7A01DE}.Release|Mixed Platforms.Build.0 = Release|x86
		{C5DCBC81-354F-4C9C-A461-705A6D7A01DE}.Release|x86.ActiveCfg = Release|x86
		{C5DCBC81-354F-4C9C-A461-705A6D7A01DE}.Release|x86.Build.0 = Release|x86
		{E6313654-64AB-4332-9476-48F3046CED04}.Debug|Any CPU.ActiveCfg = Debug|Any CPU
		{E6313654-64AB-4332-9476-48F3046CED04}.Debug|Any CPU.Build.0 = Debug|Any CPU
		{E6313654-64AB-4332-9476-48F3046CED04}.Debug|Mixed Platforms.ActiveCfg = Debug|Any CPU
		{E6313654-64AB-4332-9476-48F3046CED04}.Debug|Mixed Platforms.Build.0 = Debug|Any CPU
		{E6313654-64AB-4332-9476-48F3046CED04}.Debug|x86.ActiveCfg = Debug|Any CPU
		{E6313654-64AB-4332-9476-48F3046CED04}.LIVE|Any CPU.ActiveCfg = Release|Any CPU
		{E6313654-64AB-4332-9476-48F3046CED04}.LIVE|Any CPU.Build.0 = Release|Any CPU
		{E6313654-64AB-4332-9476-48F3046CED04}.LIVE|Mixed Platforms.ActiveCfg = LIVE|Any CPU
		{E6313654-64AB-4332-9476-48F3046CED04}.LIVE|Mixed Platforms.Build.0 = LIVE|Any CPU
		{E6313654-64AB-4332-9476-48F3046CED04}.LIVE|x86.ActiveCfg = Release|Any CPU
		{E6313654-64AB-4332-9476-48F3046CED04}.Release|Any CPU.ActiveCfg = Release|Any CPU
		{E6313654-64AB-4332-9476-48F3046CED04}.Release|Any CPU.Build.0 = Release|Any CPU
		{E6313654-64AB-4332-9476-48F3046CED04}.Release|Mixed Platforms.ActiveCfg = Release|Any CPU
		{E6313654-64AB-4332-9476-48F3046CED04}.Release|Mixed Platforms.Build.0 = Release|Any CPU
		{E6313654-64AB-4332-9476-48F3046CED04}.Release|x86.ActiveCfg = Release|Any CPU
		{441A02C0-9E48-4052-B28C-E45ACA468C8A}.Debug|Any CPU.ActiveCfg = Debug|Any CPU
		{441A02C0-9E48-4052-B28C-E45ACA468C8A}.Debug|Any CPU.Build.0 = Debug|Any CPU
		{441A02C0-9E48-4052-B28C-E45ACA468C8A}.Debug|Mixed Platforms.ActiveCfg = Debug|Any CPU
		{441A02C0-9E48-4052-B28C-E45ACA468C8A}.Debug|Mixed Platforms.Build.0 = Debug|Any CPU
		{441A02C0-9E48-4052-B28C-E45ACA468C8A}.Debug|x86.ActiveCfg = Debug|Any CPU
		{441A02C0-9E48-4052-B28C-E45ACA468C8A}.LIVE|Any CPU.ActiveCfg = Release|Any CPU
		{441A02C0-9E48-4052-B28C-E45ACA468C8A}.LIVE|Any CPU.Build.0 = Release|Any CPU
		{441A02C0-9E48-4052-B28C-E45ACA468C8A}.LIVE|Mixed Platforms.ActiveCfg = Release|Any CPU
		{441A02C0-9E48-4052-B28C-E45ACA468C8A}.LIVE|Mixed Platforms.Build.0 = Release|Any CPU
		{441A02C0-9E48-4052-B28C-E45ACA468C8A}.LIVE|x86.ActiveCfg = Release|Any CPU
		{441A02C0-9E48-4052-B28C-E45ACA468C8A}.Release|Any CPU.ActiveCfg = Release|Any CPU
		{441A02C0-9E48-4052-B28C-E45ACA468C8A}.Release|Any CPU.Build.0 = Release|Any CPU
		{441A02C0-9E48-4052-B28C-E45ACA468C8A}.Release|Mixed Platforms.ActiveCfg = Release|Any CPU
		{441A02C0-9E48-4052-B28C-E45ACA468C8A}.Release|Mixed Platforms.Build.0 = Release|Any CPU
		{441A02C0-9E48-4052-B28C-E45ACA468C8A}.Release|x86.ActiveCfg = Release|Any CPU
		{FCFADD0C-42E6-41F5-810F-EF9C84894666}.Debug|Any CPU.ActiveCfg = Debug|Any CPU
		{FCFADD0C-42E6-41F5-810F-EF9C84894666}.Debug|Any CPU.Build.0 = Debug|Any CPU
		{FCFADD0C-42E6-41F5-810F-EF9C84894666}.Debug|Mixed Platforms.ActiveCfg = Debug|Any CPU
		{FCFADD0C-42E6-41F5-810F-EF9C84894666}.Debug|Mixed Platforms.Build.0 = Debug|Any CPU
		{FCFADD0C-42E6-41F5-810F-EF9C84894666}.Debug|x86.ActiveCfg = Debug|Any CPU
		{FCFADD0C-42E6-41F5-810F-EF9C84894666}.LIVE|Any CPU.ActiveCfg = Release|Any CPU
		{FCFADD0C-42E6-41F5-810F-EF9C84894666}.LIVE|Any CPU.Build.0 = Release|Any CPU
		{FCFADD0C-42E6-41F5-810F-EF9C84894666}.LIVE|Mixed Platforms.ActiveCfg = Release|Any CPU
		{FCFADD0C-42E6-41F5-810F-EF9C84894666}.LIVE|Mixed Platforms.Build.0 = Release|Any CPU
		{FCFADD0C-42E6-41F5-810F-EF9C84894666}.LIVE|x86.ActiveCfg = Release|Any CPU
		{FCFADD0C-42E6-41F5-810F-EF9C84894666}.Release|Any CPU.ActiveCfg = Release|Any CPU
		{FCFADD0C-42E6-41F5-810F-EF9C84894666}.Release|Any CPU.Build.0 = Release|Any CPU
		{FCFADD0C-42E6-41F5-810F-EF9C84894666}.Release|Mixed Platforms.ActiveCfg = Release|Any CPU
		{FCFADD0C-42E6-41F5-810F-EF9C84894666}.Release|Mixed Platforms.Build.0 = Release|Any CPU
		{FCFADD0C-42E6-41F5-810F-EF9C84894666}.Release|x86.ActiveCfg = Release|Any CPU
		{E0F7DBE9-3F26-4A23-8CC4-60972BF643FD}.Debug|Any CPU.ActiveCfg = Debug|Any CPU
		{E0F7DBE9-3F26-4A23-8CC4-60972BF643FD}.Debug|Any CPU.Build.0 = Debug|Any CPU
		{E0F7DBE9-3F26-4A23-8CC4-60972BF643FD}.Debug|Mixed Platforms.ActiveCfg = Debug|Any CPU
		{E0F7DBE9-3F26-4A23-8CC4-60972BF643FD}.Debug|Mixed Platforms.Build.0 = Debug|Any CPU
		{E0F7DBE9-3F26-4A23-8CC4-60972BF643FD}.Debug|x86.ActiveCfg = Debug|Any CPU
		{E0F7DBE9-3F26-4A23-8CC4-60972BF643FD}.LIVE|Any CPU.ActiveCfg = Release|Any CPU
		{E0F7DBE9-3F26-4A23-8CC4-60972BF643FD}.LIVE|Any CPU.Build.0 = Release|Any CPU
		{E0F7DBE9-3F26-4A23-8CC4-60972BF643FD}.LIVE|Mixed Platforms.ActiveCfg = Release|Any CPU
		{E0F7DBE9-3F26-4A23-8CC4-60972BF643FD}.LIVE|Mixed Platforms.Build.0 = Release|Any CPU
		{E0F7DBE9-3F26-4A23-8CC4-60972BF643FD}.LIVE|x86.ActiveCfg = Release|Any CPU
		{E0F7DBE9-3F26-4A23-8CC4-60972BF643FD}.Release|Any CPU.ActiveCfg = Release|Any CPU
		{E0F7DBE9-3F26-4A23-8CC4-60972BF643FD}.Release|Any CPU.Build.0 = Release|Any CPU
		{E0F7DBE9-3F26-4A23-8CC4-60972BF643FD}.Release|Mixed Platforms.ActiveCfg = Release|Any CPU
		{E0F7DBE9-3F26-4A23-8CC4-60972BF643FD}.Release|Mixed Platforms.Build.0 = Release|Any CPU
		{E0F7DBE9-3F26-4A23-8CC4-60972BF643FD}.Release|x86.ActiveCfg = Release|Any CPU
		{A7B73829-78FD-43F1-A3C7-2290A0BA6BB7}.Debug|Any CPU.ActiveCfg = Debug|Any CPU
		{A7B73829-78FD-43F1-A3C7-2290A0BA6BB7}.Debug|Any CPU.Build.0 = Debug|Any CPU
		{A7B73829-78FD-43F1-A3C7-2290A0BA6BB7}.Debug|Mixed Platforms.ActiveCfg = Debug|Any CPU
		{A7B73829-78FD-43F1-A3C7-2290A0BA6BB7}.Debug|Mixed Platforms.Build.0 = Debug|Any CPU
		{A7B73829-78FD-43F1-A3C7-2290A0BA6BB7}.Debug|x86.ActiveCfg = Debug|Any CPU
		{A7B73829-78FD-43F1-A3C7-2290A0BA6BB7}.LIVE|Any CPU.ActiveCfg = Release|Any CPU
		{A7B73829-78FD-43F1-A3C7-2290A0BA6BB7}.LIVE|Any CPU.Build.0 = Release|Any CPU
		{A7B73829-78FD-43F1-A3C7-2290A0BA6BB7}.LIVE|Mixed Platforms.ActiveCfg = Release|Any CPU
		{A7B73829-78FD-43F1-A3C7-2290A0BA6BB7}.LIVE|Mixed Platforms.Build.0 = Release|Any CPU
		{A7B73829-78FD-43F1-A3C7-2290A0BA6BB7}.LIVE|x86.ActiveCfg = Release|Any CPU
		{A7B73829-78FD-43F1-A3C7-2290A0BA6BB7}.Release|Any CPU.ActiveCfg = Release|Any CPU
		{A7B73829-78FD-43F1-A3C7-2290A0BA6BB7}.Release|Any CPU.Build.0 = Release|Any CPU
		{A7B73829-78FD-43F1-A3C7-2290A0BA6BB7}.Release|Mixed Platforms.ActiveCfg = Release|Any CPU
		{A7B73829-78FD-43F1-A3C7-2290A0BA6BB7}.Release|Mixed Platforms.Build.0 = Release|Any CPU
		{A7B73829-78FD-43F1-A3C7-2290A0BA6BB7}.Release|x86.ActiveCfg = Release|Any CPU
	EndGlobalSection
	GlobalSection(SolutionProperties) = preSolution
		HideSolutionNode = FALSE
	EndGlobalSection
	GlobalSection(NestedProjects) = preSolution
		{7143739E-B054-42B6-A474-87F0F8ADB666} = {490A819D-C46A-40EB-9EF8-C0356FBDDB7B}
		{BA767011-CA53-49C3-B2C3-7466E3E406B9} = {490A819D-C46A-40EB-9EF8-C0356FBDDB7B}
		{7B47E43E-29DA-479A-A3D8-AF2BED427114} = {490A819D-C46A-40EB-9EF8-C0356FBDDB7B}
		{42F71D2B-6BD0-4703-A681-85E777E5A89F} = {490A819D-C46A-40EB-9EF8-C0356FBDDB7B}
		{6BCC6ADA-2AB0-4CBE-AFA6-51C8C5A654FB} = {490A819D-C46A-40EB-9EF8-C0356FBDDB7B}
		{E6313654-64AB-4332-9476-48F3046CED04} = {490A819D-C46A-40EB-9EF8-C0356FBDDB7B}
		{E0F7DBE9-3F26-4A23-8CC4-60972BF643FD} = {490A819D-C46A-40EB-9EF8-C0356FBDDB7B}
		{A7B73829-78FD-43F1-A3C7-2290A0BA6BB7} = {490A819D-C46A-40EB-9EF8-C0356FBDDB7B}
	EndGlobalSection
EndGlobal
