
Microsoft Visual Studio Solution File, Format Version 12.00
# Visual Studio 2013
VisualStudioVersion = 12.0.30723.0
MinimumVisualStudioVersion = 10.0.40219.1
Project("{2150E333-8FDC-42A3-9474-1A3956D46DE8}") = "Referenced Projects", "Referenced Projects", "{490A819D-C46A-40EB-9EF8-C0356FBDDB7B}"
EndProject
Project("{FAE04EC0-301F-11D3-BF4B-00C04F79EFBC}") = "Rti", "Rti\Rti.csproj", "{7143739E-B054-42B6-A474-87F0F8ADB666}"
EndProject
Project("{FAE04EC0-301F-11D3-BF4B-00C04F79EFBC}") = "Rti.ExternalInterfaces", "Rti.ExternalInterfaces\Rti.ExternalInterfaces.csproj", "{BA767011-CA53-49C3-B2C3-7466E3E406B9}"
EndProject
Project("{FAE04EC0-301F-11D3-BF4B-00C04F79EFBC}") = "Rti.InternalInterfaces", "Rti.InternalInterfaces\Rti.InternalInterfaces.csproj", "{7B47E43E-29DA-479A-A3D8-AF2BED427114}"
EndProject
Project("{FAE04EC0-301F-11D3-BF4B-00C04F79EFBC}") = "Rti.AccountManagerService", "Rti.AccountManagerService\Rti.AccountManagerService\Rti.AccountManagerService.csproj", "{D7C19B63-5C80-46EE-A431-29694254C7F9}"
EndProject
Project("{FAE04EC0-301F-11D3-BF4B-00C04F79EFBC}") = "Rti.AccountManagerServer", "Rti.AccountManagerService\Rti.AccountManagerServer\Rti.AccountManagerServer.csproj", "{22720DD4-00F8-4226-AD2D-EDA8F48ADF2D}"
EndProject
Project("{FAE04EC0-301F-11D3-BF4B-00C04F79EFBC}") = "Rti.AdministrationService", "Rti.AdministrationService\Rti.AdministrationService\Rti.AdministrationService.csproj", "{906DA013-0CCA-40CB-B521-45CD6676B74A}"
EndProject
Project("{FAE04EC0-301F-11D3-BF4B-00C04F79EFBC}") = "Rti.AdministrationServer", "Rti.AdministrationService\Rti.AdministrationServer\Rti.AdministrationServer.csproj", "{E8825EBA-107A-43E7-A5B4-3AF562000377}"
EndProject
Project("{FAE04EC0-301F-11D3-BF4B-00C04F79EFBC}") = "Rti.DocumentManagerService", "Rti.DocumentManagerService\Rti.DocumentManagerService\Rti.DocumentManagerService.csproj", "{A4867749-A710-4078-BCF7-D89F56C8DEF3}"
EndProject
Project("{FAE04EC0-301F-11D3-BF4B-00C04F79EFBC}") = "Rti.DocumentManagerServer", "Rti.DocumentManagerService\Rti.DocumentManagerServer\Rti.DocumentManagerServer.csproj", "{8DA4B379-086D-4BFD-9D1C-27780EC01349}"
EndProject
Project("{FAE04EC0-301F-11D3-BF4B-00C04F79EFBC}") = "Rti.ReportingService", "Rti.ReportingService\Rti.ReportingService\Rti.ReportingService.csproj", "{11C8B75E-004F-480F-89BD-F078F8DA88F6}"
EndProject
Project("{FAE04EC0-301F-11D3-BF4B-00C04F79EFBC}") = "Rti.ReportingServer", "Rti.ReportingService\Rti.ReportingServer\Rti.ReportingServer.csproj", "{50911F99-7DFA-4A53-973F-8BD81DBE30BE}"
EndProject
Project("{FAE04EC0-301F-11D3-BF4B-00C04F79EFBC}") = "Rti.RequestManagerService", "Rti.RequestManagerService\Rti.RequestManagerService\Rti.RequestManagerService.csproj", "{1DBDFB60-90CF-4F46-925B-437EA00BE4F5}"
EndProject
Project("{FAE04EC0-301F-11D3-BF4B-00C04F79EFBC}") = "Rti.RequestManagerServer", "Rti.RequestManagerService\Rti.RequestManagerServer\Rti.RequestManagerServer.csproj", "{EDE3898C-76F1-4AB4-9007-0FEAAC69033F}"
EndProject
Project("{FAE04EC0-301F-11D3-BF4B-00C04F79EFBC}") = "Rti.RemoteProcedureCalls", "Rti.RemoteProcedureCalls\Rti.RemoteProcedureCalls.csproj", "{42F71D2B-6BD0-4703-A681-85E777E5A89F}"
EndProject
Project("{FAE04EC0-301F-11D3-BF4B-00C04F79EFBC}") = "Rti.EagleIqGatewayService", "Rti.EagleIqGatewayService\Rti.EagleIqGatewayService\Rti.EagleIqGatewayService.csproj", "{435DBED8-BDFF-423B-BD9D-DABAA2E40BD5}"
EndProject
Project("{FAE04EC0-301F-11D3-BF4B-00C04F79EFBC}") = "Rti.EagleIqGatewayServer", "Rti.EagleIqGatewayService\Rti.EagleIqGatewayServer\Rti.EagleIqGatewayServer.csproj", "{37D6D815-0FB7-4AFA-8F8E-76FF71B71945}"
EndProject
Project("{FAE04EC0-301F-11D3-BF4B-00C04F79EFBC}") = "Rti.DataModel", "Rti.DataModel\Rti.DataModel.csproj", "{6BCC6ADA-2AB0-4CBE-AFA6-51C8C5A654FB}"
EndProject
Project("{FAE04EC0-301F-11D3-BF4B-00C04F79EFBC}") = "Rti.Imaging", "Rti.Imaging\Rti.Imaging.csproj", "{E6313654-64AB-4332-9476-48F3046CED04}"
EndProject
Global
	GlobalSection(SolutionConfigurationPlatforms) = preSolution
		Debug|Any CPU = Debug|Any CPU
		Debug|Mixed Platforms = Debug|Mixed Platforms
		Debug|x86 = Debug|x86
		Release|Any CPU = Release|Any CPU
		Release|Mixed Platforms = Release|Mixed Platforms
		Release|x86 = Release|x86
	EndGlobalSection
	GlobalSection(ProjectConfigurationPlatforms) = postSolution
		{7143739E-B054-42B6-A474-87F0F8ADB666}.Debug|Any CPU.ActiveCfg = Debug|x86
		{7143739E-B054-42B6-A474-87F0F8ADB666}.Debug|Mixed Platforms.ActiveCfg = Debug|x86
		{7143739E-B054-42B6-A474-87F0F8ADB666}.Debug|Mixed Platforms.Build.0 = Debug|x86
		{7143739E-B054-42B6-A474-87F0F8ADB666}.Debug|x86.ActiveCfg = Debug|x86
		{7143739E-B054-42B6-A474-87F0F8ADB666}.Debug|x86.Build.0 = Debug|x86
		{7143739E-B054-42B6-A474-87F0F8ADB666}.Release|Any CPU.ActiveCfg = Release|x86
		{7143739E-B054-42B6-A474-87F0F8ADB666}.Release|Mixed Platforms.ActiveCfg = Release|x86
		{7143739E-B054-42B6-A474-87F0F8ADB666}.Release|Mixed Platforms.Build.0 = Release|x86
		{7143739E-B054-42B6-A474-87F0F8ADB666}.Release|x86.ActiveCfg = Release|x86
		{7143739E-B054-42B6-A474-87F0F8ADB666}.Release|x86.Build.0 = Release|x86
		{BA767011-CA53-49C3-B2C3-7466E3E406B9}.Debug|Any CPU.ActiveCfg = Debug|Any CPU
		{BA767011-CA53-49C3-B2C3-7466E3E406B9}.Debug|Any CPU.Build.0 = Debug|Any CPU
		{BA767011-CA53-49C3-B2C3-7466E3E406B9}.Debug|Mixed Platforms.ActiveCfg = Debug|Any CPU
		{BA767011-CA53-49C3-B2C3-7466E3E406B9}.Debug|Mixed Platforms.Build.0 = Debug|Any CPU
		{BA767011-CA53-49C3-B2C3-7466E3E406B9}.Debug|x86.ActiveCfg = Debug|Any CPU
		{BA767011-CA53-49C3-B2C3-7466E3E406B9}.Release|Any CPU.ActiveCfg = Release|Any CPU
		{BA767011-CA53-49C3-B2C3-7466E3E406B9}.Release|Any CPU.Build.0 = Release|Any CPU
		{BA767011-CA53-49C3-B2C3-7466E3E406B9}.Release|Mixed Platforms.ActiveCfg = Release|Any CPU
		{BA767011-CA53-49C3-B2C3-7466E3E406B9}.Release|Mixed Platforms.Build.0 = Release|Any CPU
		{BA767011-CA53-49C3-B2C3-7466E3E406B9}.Release|x86.ActiveCfg = Release|Any CPU
		{7B47E43E-29DA-479A-A3D8-AF2BED427114}.Debug|Any CPU.ActiveCfg = Debug|Any CPU
		{7B47E43E-29DA-479A-A3D8-AF2BED427114}.Debug|Any CPU.Build.0 = Debug|Any CPU
		{7B47E43E-29DA-479A-A3D8-AF2BED427114}.Debug|Mixed Platforms.ActiveCfg = Debug|Any CPU
		{7B47E43E-29DA-479A-A3D8-AF2BED427114}.Debug|Mixed Platforms.Build.0 = Debug|Any CPU
		{7B47E43E-29DA-479A-A3D8-AF2BED427114}.Debug|x86.ActiveCfg = Debug|Any CPU
		{7B47E43E-29DA-479A-A3D8-AF2BED427114}.Release|Any CPU.ActiveCfg = Release|Any CPU
		{7B47E43E-29DA-479A-A3D8-AF2BED427114}.Release|Any CPU.Build.0 = Release|Any CPU
		{7B47E43E-29DA-479A-A3D8-AF2BED427114}.Release|Mixed Platforms.ActiveCfg = Release|Any CPU
		{7B47E43E-29DA-479A-A3D8-AF2BED427114}.Release|Mixed Platforms.Build.0 = Release|Any CPU
		{7B47E43E-29DA-479A-A3D8-AF2BED427114}.Release|x86.ActiveCfg = Release|Any CPU
		{D7C19B63-5C80-46EE-A431-29694254C7F9}.Debug|Any CPU.ActiveCfg = Debug|x86
		{D7C19B63-5C80-46EE-A431-29694254C7F9}.Debug|Mixed Platforms.ActiveCfg = Debug|x86
		{D7C19B63-5C80-46EE-A431-29694254C7F9}.Debug|Mixed Platforms.Build.0 = Debug|x86
		{D7C19B63-5C80-46EE-A431-29694254C7F9}.Debug|x86.ActiveCfg = Debug|x86
		{D7C19B63-5C80-46EE-A431-29694254C7F9}.Debug|x86.Build.0 = Debug|x86
		{D7C19B63-5C80-46EE-A431-29694254C7F9}.Release|Any CPU.ActiveCfg = Release|x86
		{D7C19B63-5C80-46EE-A431-29694254C7F9}.Release|Mixed Platforms.ActiveCfg = Release|x86
		{D7C19B63-5C80-46EE-A431-29694254C7F9}.Release|Mixed Platforms.Build.0 = Release|x86
		{D7C19B63-5C80-46EE-A431-29694254C7F9}.Release|x86.ActiveCfg = Release|x86
		{D7C19B63-5C80-46EE-A431-29694254C7F9}.Release|x86.Build.0 = Release|x86
		{22720DD4-00F8-4226-AD2D-EDA8F48ADF2D}.Debug|Any CPU.ActiveCfg = Debug|x86
		{22720DD4-00F8-4226-AD2D-EDA8F48ADF2D}.Debug|Mixed Platforms.ActiveCfg = Debug|x86
		{22720DD4-00F8-4226-AD2D-EDA8F48ADF2D}.Debug|Mixed Platforms.Build.0 = Debug|x86
		{22720DD4-00F8-4226-AD2D-EDA8F48ADF2D}.Debug|x86.ActiveCfg = Debug|x86
		{22720DD4-00F8-4226-AD2D-EDA8F48ADF2D}.Debug|x86.Build.0 = Debug|x86
		{22720DD4-00F8-4226-AD2D-EDA8F48ADF2D}.Release|Any CPU.ActiveCfg = Release|x86
		{22720DD4-00F8-4226-AD2D-EDA8F48ADF2D}.Release|Mixed Platforms.ActiveCfg = Release|x86
		{22720DD4-00F8-4226-AD2D-EDA8F48ADF2D}.Release|Mixed Platforms.Build.0 = Release|x86
		{22720DD4-00F8-4226-AD2D-EDA8F48ADF2D}.Release|x86.ActiveCfg = Release|x86
		{22720DD4-00F8-4226-AD2D-EDA8F48ADF2D}.Release|x86.Build.0 = Release|x86
		{906DA013-0CCA-40CB-B521-45CD6676B74A}.Debug|Any CPU.ActiveCfg = Debug|x86
		{906DA013-0CCA-40CB-B521-45CD6676B74A}.Debug|Mixed Platforms.ActiveCfg = Debug|x86
		{906DA013-0CCA-40CB-B521-45CD6676B74A}.Debug|Mixed Platforms.Build.0 = Debug|x86
		{906DA013-0CCA-40CB-B521-45CD6676B74A}.Debug|x86.ActiveCfg = Debug|x86
		{906DA013-0CCA-40CB-B521-45CD6676B74A}.Debug|x86.Build.0 = Debug|x86
		{906DA013-0CCA-40CB-B521-45CD6676B74A}.Release|Any CPU.ActiveCfg = Release|x86
		{906DA013-0CCA-40CB-B521-45CD6676B74A}.Release|Mixed Platforms.ActiveCfg = Release|x86
		{906DA013-0CCA-40CB-B521-45CD6676B74A}.Release|Mixed Platforms.Build.0 = Release|x86
		{906DA013-0CCA-40CB-B521-45CD6676B74A}.Release|x86.ActiveCfg = Release|x86
		{906DA013-0CCA-40CB-B521-45CD6676B74A}.Release|x86.Build.0 = Release|x86
		{E8825EBA-107A-43E7-A5B4-3AF562000377}.Debug|Any CPU.ActiveCfg = Debug|x86
		{E8825EBA-107A-43E7-A5B4-3AF562000377}.Debug|Mixed Platforms.ActiveCfg = Debug|x86
		{E8825EBA-107A-43E7-A5B4-3AF562000377}.Debug|Mixed Platforms.Build.0 = Debug|x86
		{E8825EBA-107A-43E7-A5B4-3AF562000377}.Debug|x86.ActiveCfg = Debug|x86
		{E8825EBA-107A-43E7-A5B4-3AF562000377}.Debug|x86.Build.0 = Debug|x86
		{E8825EBA-107A-43E7-A5B4-3AF562000377}.Release|Any CPU.ActiveCfg = Release|x86
		{E8825EBA-107A-43E7-A5B4-3AF562000377}.Release|Mixed Platforms.ActiveCfg = Release|x86
		{E8825EBA-107A-43E7-A5B4-3AF562000377}.Release|Mixed Platforms.Build.0 = Release|x86
		{E8825EBA-107A-43E7-A5B4-3AF562000377}.Release|x86.ActiveCfg = Release|x86
		{E8825EBA-107A-43E7-A5B4-3AF562000377}.Release|x86.Build.0 = Release|x86
		{A4867749-A710-4078-BCF7-D89F56C8DEF3}.Debug|Any CPU.ActiveCfg = Debug|x86
		{A4867749-A710-4078-BCF7-D89F56C8DEF3}.Debug|Mixed Platforms.ActiveCfg = Debug|x86
		{A4867749-A710-4078-BCF7-D89F56C8DEF3}.Debug|Mixed Platforms.Build.0 = Debug|x86
		{A4867749-A710-4078-BCF7-D89F56C8DEF3}.Debug|x86.ActiveCfg = Debug|x86
		{A4867749-A710-4078-BCF7-D89F56C8DEF3}.Debug|x86.Build.0 = Debug|x86
		{A4867749-A710-4078-BCF7-D89F56C8DEF3}.Release|Any CPU.ActiveCfg = Release|x86
		{A4867749-A710-4078-BCF7-D89F56C8DEF3}.Release|Mixed Platforms.ActiveCfg = Release|x86
		{A4867749-A710-4078-BCF7-D89F56C8DEF3}.Release|Mixed Platforms.Build.0 = Release|x86
		{A4867749-A710-4078-BCF7-D89F56C8DEF3}.Release|x86.ActiveCfg = Release|x86
		{A4867749-A710-4078-BCF7-D89F56C8DEF3}.Release|x86.Build.0 = Release|x86
		{8DA4B379-086D-4BFD-9D1C-27780EC01349}.Debug|Any CPU.ActiveCfg = Debug|x86
		{8DA4B379-086D-4BFD-9D1C-27780EC01349}.Debug|Mixed Platforms.ActiveCfg = Debug|x86
		{8DA4B379-086D-4BFD-9D1C-27780EC01349}.Debug|Mixed Platforms.Build.0 = Debug|x86
		{8DA4B379-086D-4BFD-9D1C-27780EC01349}.Debug|x86.ActiveCfg = Debug|x86
		{8DA4B379-086D-4BFD-9D1C-27780EC01349}.Debug|x86.Build.0 = Debug|x86
		{8DA4B379-086D-4BFD-9D1C-27780EC01349}.Release|Any CPU.ActiveCfg = Release|x86
		{8DA4B379-086D-4BFD-9D1C-27780EC01349}.Release|Mixed Platforms.ActiveCfg = Release|x86
		{8DA4B379-086D-4BFD-9D1C-27780EC01349}.Release|Mixed Platforms.Build.0 = Release|x86
		{8DA4B379-086D-4BFD-9D1C-27780EC01349}.Release|x86.ActiveCfg = Release|x86
		{8DA4B379-086D-4BFD-9D1C-27780EC01349}.Release|x86.Build.0 = Release|x86
		{11C8B75E-004F-480F-89BD-F078F8DA88F6}.Debug|Any CPU.ActiveCfg = Debug|x86
		{11C8B75E-004F-480F-89BD-F078F8DA88F6}.Debug|Mixed Platforms.ActiveCfg = Debug|x86
		{11C8B75E-004F-480F-89BD-F078F8DA88F6}.Debug|Mixed Platforms.Build.0 = Debug|x86
		{11C8B75E-004F-480F-89BD-F078F8DA88F6}.Debug|x86.ActiveCfg = Debug|x86
		{11C8B75E-004F-480F-89BD-F078F8DA88F6}.Debug|x86.Build.0 = Debug|x86
		{11C8B75E-004F-480F-89BD-F078F8DA88F6}.Release|Any CPU.ActiveCfg = Release|x86
		{11C8B75E-004F-480F-89BD-F078F8DA88F6}.Release|Mixed Platforms.ActiveCfg = Release|x86
		{11C8B75E-004F-480F-89BD-F078F8DA88F6}.Release|Mixed Platforms.Build.0 = Release|x86
		{11C8B75E-004F-480F-89BD-F078F8DA88F6}.Release|x86.ActiveCfg = Release|x86
		{11C8B75E-004F-480F-89BD-F078F8DA88F6}.Release|x86.Build.0 = Release|x86
		{50911F99-7DFA-4A53-973F-8BD81DBE30BE}.Debug|Any CPU.ActiveCfg = Debug|x86
		{50911F99-7DFA-4A53-973F-8BD81DBE30BE}.Debug|Mixed Platforms.ActiveCfg = Debug|x86
		{50911F99-7DFA-4A53-973F-8BD81DBE30BE}.Debug|Mixed Platforms.Build.0 = Debug|x86
		{50911F99-7DFA-4A53-973F-8BD81DBE30BE}.Debug|x86.ActiveCfg = Debug|x86
		{50911F99-7DFA-4A53-973F-8BD81DBE30BE}.Debug|x86.Build.0 = Debug|x86
		{50911F99-7DFA-4A53-973F-8BD81DBE30BE}.Release|Any CPU.ActiveCfg = Release|x86
		{50911F99-7DFA-4A53-973F-8BD81DBE30BE}.Release|Mixed Platforms.ActiveCfg = Release|x86
		{50911F99-7DFA-4A53-973F-8BD81DBE30BE}.Release|Mixed Platforms.Build.0 = Release|x86
		{50911F99-7DFA-4A53-973F-8BD81DBE30BE}.Release|x86.ActiveCfg = Release|x86
		{50911F99-7DFA-4A53-973F-8BD81DBE30BE}.Release|x86.Build.0 = Release|x86
		{1DBDFB60-90CF-4F46-925B-437EA00BE4F5}.Debug|Any CPU.ActiveCfg = Debug|x86
		{1DBDFB60-90CF-4F46-925B-437EA00BE4F5}.Debug|Mixed Platforms.ActiveCfg = Debug|x86
		{1DBDFB60-90CF-4F46-925B-437EA00BE4F5}.Debug|Mixed Platforms.Build.0 = Debug|x86
		{1DBDFB60-90CF-4F46-925B-437EA00BE4F5}.Debug|x86.ActiveCfg = Debug|x86
		{1DBDFB60-90CF-4F46-925B-437EA00BE4F5}.Debug|x86.Build.0 = Debug|x86
		{1DBDFB60-90CF-4F46-925B-437EA00BE4F5}.Release|Any CPU.ActiveCfg = Release|x86
		{1DBDFB60-90CF-4F46-925B-437EA00BE4F5}.Release|Mixed Platforms.ActiveCfg = Release|x86
		{1DBDFB60-90CF-4F46-925B-437EA00BE4F5}.Release|Mixed Platforms.Build.0 = Release|x86
		{1DBDFB60-90CF-4F46-925B-437EA00BE4F5}.Release|x86.ActiveCfg = Release|x86
		{1DBDFB60-90CF-4F46-925B-437EA00BE4F5}.Release|x86.Build.0 = Release|x86
		{EDE3898C-76F1-4AB4-9007-0FEAAC69033F}.Debug|Any CPU.ActiveCfg = Debug|x86
		{EDE3898C-76F1-4AB4-9007-0FEAAC69033F}.Debug|Mixed Platforms.ActiveCfg = Debug|x86
		{EDE3898C-76F1-4AB4-9007-0FEAAC69033F}.Debug|Mixed Platforms.Build.0 = Debug|x86
		{EDE3898C-76F1-4AB4-9007-0FEAAC69033F}.Debug|x86.ActiveCfg = Debug|x86
		{EDE3898C-76F1-4AB4-9007-0FEAAC69033F}.Debug|x86.Build.0 = Debug|x86
		{EDE3898C-76F1-4AB4-9007-0FEAAC69033F}.Release|Any CPU.ActiveCfg = Release|x86
		{EDE3898C-76F1-4AB4-9007-0FEAAC69033F}.Release|Mixed Platforms.ActiveCfg = Release|x86
		{EDE3898C-76F1-4AB4-9007-0FEAAC69033F}.Release|Mixed Platforms.Build.0 = Release|x86
		{EDE3898C-76F1-4AB4-9007-0FEAAC69033F}.Release|x86.ActiveCfg = Release|x86
		{EDE3898C-76F1-4AB4-9007-0FEAAC69033F}.Release|x86.Build.0 = Release|x86
		{42F71D2B-6BD0-4703-A681-85E777E5A89F}.Debug|Any CPU.ActiveCfg = Debug|Any CPU
		{42F71D2B-6BD0-4703-A681-85E777E5A89F}.Debug|Any CPU.Build.0 = Debug|Any CPU
		{42F71D2B-6BD0-4703-A681-85E777E5A89F}.Debug|Mixed Platforms.ActiveCfg = Debug|Any CPU
		{42F71D2B-6BD0-4703-A681-85E777E5A89F}.Debug|Mixed Platforms.Build.0 = Debug|Any CPU
		{42F71D2B-6BD0-4703-A681-85E777E5A89F}.Debug|x86.ActiveCfg = Debug|Any CPU
		{42F71D2B-6BD0-4703-A681-85E777E5A89F}.Release|Any CPU.ActiveCfg = Release|Any CPU
		{42F71D2B-6BD0-4703-A681-85E777E5A89F}.Release|Any CPU.Build.0 = Release|Any CPU
		{42F71D2B-6BD0-4703-A681-85E777E5A89F}.Release|Mixed Platforms.ActiveCfg = Release|Any CPU
		{42F71D2B-6BD0-4703-A681-85E777E5A89F}.Release|Mixed Platforms.Build.0 = Release|Any CPU
		{42F71D2B-6BD0-4703-A681-85E777E5A89F}.Release|x86.ActiveCfg = Release|Any CPU
		{435DBED8-BDFF-423B-BD9D-DABAA2E40BD5}.Debug|Any CPU.ActiveCfg = Debug|x86
		{435DBED8-BDFF-423B-BD9D-DABAA2E40BD5}.Debug|Mixed Platforms.ActiveCfg = Debug|x86
		{435DBED8-BDFF-423B-BD9D-DABAA2E40BD5}.Debug|Mixed Platforms.Build.0 = Debug|x86
		{435DBED8-BDFF-423B-BD9D-DABAA2E40BD5}.Debug|x86.ActiveCfg = Debug|x86
		{435DBED8-BDFF-423B-BD9D-DABAA2E40BD5}.Debug|x86.Build.0 = Debug|x86
		{435DBED8-BDFF-423B-BD9D-DABAA2E40BD5}.Release|Any CPU.ActiveCfg = Release|x86
		{435DBED8-BDFF-423B-BD9D-DABAA2E40BD5}.Release|Mixed Platforms.ActiveCfg = Release|x86
		{435DBED8-BDFF-423B-BD9D-DABAA2E40BD5}.Release|Mixed Platforms.Build.0 = Release|x86
		{435DBED8-BDFF-423B-BD9D-DABAA2E40BD5}.Release|x86.ActiveCfg = Release|x86
		{435DBED8-BDFF-423B-BD9D-DABAA2E40BD5}.Release|x86.Build.0 = Release|x86
		{37D6D815-0FB7-4AFA-8F8E-76FF71B71945}.Debug|Any CPU.ActiveCfg = Debug|x86
		{37D6D815-0FB7-4AFA-8F8E-76FF71B71945}.Debug|Mixed Platforms.ActiveCfg = Debug|x86
		{37D6D815-0FB7-4AFA-8F8E-76FF71B71945}.Debug|Mixed Platforms.Build.0 = Debug|x86
		{37D6D815-0FB7-4AFA-8F8E-76FF71B71945}.Debug|x86.ActiveCfg = Debug|x86
		{37D6D815-0FB7-4AFA-8F8E-76FF71B71945}.Debug|x86.Build.0 = Debug|x86
		{37D6D815-0FB7-4AFA-8F8E-76FF71B71945}.Release|Any CPU.ActiveCfg = Release|x86
		{37D6D815-0FB7-4AFA-8F8E-76FF71B71945}.Release|Mixed Platforms.ActiveCfg = Release|x86
		{37D6D815-0FB7-4AFA-8F8E-76FF71B71945}.Release|Mixed Platforms.Build.0 = Release|x86
		{37D6D815-0FB7-4AFA-8F8E-76FF71B71945}.Release|x86.ActiveCfg = Release|x86
		{37D6D815-0FB7-4AFA-8F8E-76FF71B71945}.Release|x86.Build.0 = Release|x86
		{6BCC6ADA-2AB0-4CBE-AFA6-51C8C5A654FB}.Debug|Any CPU.ActiveCfg = Debug|Any CPU
		{6BCC6ADA-2AB0-4CBE-AFA6-51C8C5A654FB}.Debug|Any CPU.Build.0 = Debug|Any CPU
		{6BCC6ADA-2AB0-4CBE-AFA6-51C8C5A654FB}.Debug|Mixed Platforms.ActiveCfg = Debug|Any CPU
		{6BCC6ADA-2AB0-4CBE-AFA6-51C8C5A654FB}.Debug|Mixed Platforms.Build.0 = Debug|Any CPU
		{6BCC6ADA-2AB0-4CBE-AFA6-51C8C5A654FB}.Debug|x86.ActiveCfg = Debug|Any CPU
		{6BCC6ADA-2AB0-4CBE-AFA6-51C8C5A654FB}.Release|Any CPU.ActiveCfg = Release|Any CPU
		{6BCC6ADA-2AB0-4CBE-AFA6-51C8C5A654FB}.Release|Any CPU.Build.0 = Release|Any CPU
		{6BCC6ADA-2AB0-4CBE-AFA6-51C8C5A654FB}.Release|Mixed Platforms.ActiveCfg = Release|Any CPU
		{6BCC6ADA-2AB0-4CBE-AFA6-51C8C5A654FB}.Release|Mixed Platforms.Build.0 = Release|Any CPU
		{6BCC6ADA-2AB0-4CBE-AFA6-51C8C5A654FB}.Release|x86.ActiveCfg = Release|Any CPU
		{E6313654-64AB-4332-9476-48F3046CED04}.Debug|Any CPU.ActiveCfg = Debug|Any CPU
		{E6313654-64AB-4332-9476-48F3046CED04}.Debug|Any CPU.Build.0 = Debug|Any CPU
		{E6313654-64AB-4332-9476-48F3046CED04}.Debug|Mixed Platforms.ActiveCfg = Debug|Any CPU
		{E6313654-64AB-4332-9476-48F3046CED04}.Debug|Mixed Platforms.Build.0 = Debug|Any CPU
		{E6313654-64AB-4332-9476-48F3046CED04}.Debug|x86.ActiveCfg = Debug|Any CPU
		{E6313654-64AB-4332-9476-48F3046CED04}.Release|Any CPU.ActiveCfg = Release|Any CPU
		{E6313654-64AB-4332-9476-48F3046CED04}.Release|Any CPU.Build.0 = Release|Any CPU
		{E6313654-64AB-4332-9476-48F3046CED04}.Release|Mixed Platforms.ActiveCfg = Release|Any CPU
		{E6313654-64AB-4332-9476-48F3046CED04}.Release|Mixed Platforms.Build.0 = Release|Any CPU
		{E6313654-64AB-4332-9476-48F3046CED04}.Release|x86.ActiveCfg = Release|Any CPU
	EndGlobalSection
	GlobalSection(SolutionProperties) = preSolution
		HideSolutionNode = FALSE
	EndGlobalSection
	GlobalSection(NestedProjects) = preSolution
		{7143739E-B054-42B6-A474-87F0F8ADB666} = {490A819D-C46A-40EB-9EF8-C0356FBDDB7B}
		{BA767011-CA53-49C3-B2C3-7466E3E406B9} = {490A819D-C46A-40EB-9EF8-C0356FBDDB7B}
		{7B47E43E-29DA-479A-A3D8-AF2BED427114} = {490A819D-C46A-40EB-9EF8-C0356FBDDB7B}
		{42F71D2B-6BD0-4703-A681-85E777E5A89F} = {490A819D-C46A-40EB-9EF8-C0356FBDDB7B}
		{6BCC6ADA-2AB0-4CBE-AFA6-51C8C5A654FB} = {490A819D-C46A-40EB-9EF8-C0356FBDDB7B}
		{E6313654-64AB-4332-9476-48F3046CED04} = {490A819D-C46A-40EB-9EF8-C0356FBDDB7B}
	EndGlobalSection
EndGlobal
