Microsoft Visual Studio Solution File, Format Version 12.00
# Visual Studio 2013
VisualStudioVersion = 12.0.30723.0
MinimumVisualStudioVersion = 10.0.40219.1
Project("{FAE04EC0-301F-11D3-BF4B-00C04F79EFBC}") = "Rti.EagleIqGatewayService", "Rti.EagleIqGatewayService\Rti.EagleIqGatewayService.csproj", "{435DBED8-BDFF-423B-BD9D-DABAA2E40BD5}"
EndProject
Project("{FAE04EC0-301F-11D3-BF4B-00C04F79EFBC}") = "Rti", "..\Rti\Rti.csproj", "{7143739E-B054-42B6-A474-87F0F8ADB666}"
EndProject
Project("{FAE04EC0-301F-11D3-BF4B-00C04F79EFBC}") = "Rti.ExternalInterfaces", "..\Rti.ExternalInterfaces\Rti.ExternalInterfaces.csproj", "{BA767011-CA53-49C3-B2C3-7466E3E406B9}"
EndProject
Project("{FAE04EC0-301F-11D3-BF4B-00C04F79EFBC}") = "Rti.InternalInterfaces", "..\Rti.InternalInterfaces\Rti.InternalInterfaces.csproj", "{7B47E43E-29DA-479A-A3D8-AF2BED427114}"
EndProject
Project("{FAE04EC0-301F-11D3-BF4B-00C04F79EFBC}") = "Rti.TestClient", "Rti.TestClient\Rti.TestClient.csproj", "{D8C2838D-B091-41C6-83D9-43E845218B95}"
EndProject
Project("{FAE04EC0-301F-11D3-BF4B-00C04F79EFBC}") = "Rti.EagleIqGatewayServer", "Rti.EagleIqGatewayServer\Rti.EagleIqGatewayServer.csproj", "{37D6D815-0FB7-4AFA-8F8E-76FF71B71945}"
EndProject
Project("{2150E333-8FDC-42A3-9474-1A3956D46DE8}") = "Referenced Projects", "Referenced Projects", "{39139348-B464-4E5B-957C-0493FFB171CD}"
EndProject
Project("{FAE04EC0-301F-11D3-BF4B-00C04F79EFBC}") = "Rti.RemoteProcedureCalls", "..\Rti.RemoteProcedureCalls\Rti.RemoteProcedureCalls.csproj", "{42F71D2B-6BD0-4703-A681-85E777E5A89F}"
EndProject
Project("{FAE04EC0-301F-11D3-BF4B-00C04F79EFBC}") = "Rti.DataModel", "..\Rti.DataModel\Rti.DataModel.csproj", "{6BCC6ADA-2AB0-4CBE-AFA6-51C8C5A654FB}"
EndProject
Global
	GlobalSection(SolutionConfigurationPlatforms) = preSolution
		Debug|Any CPU = Debug|Any CPU
		Debug|Mixed Platforms = Debug|Mixed Platforms
		Debug|x86 = Debug|x86
		Release|Any CPU = Release|Any CPU
		Release|Mixed Platforms = Release|Mixed Platforms
		Release|x86 = Release|x86
	EndGlobalSection
	GlobalSection(ProjectConfigurationPlatforms) = postSolution
		{435DBED8-BDFF-423B-BD9D-DABAA2E40BD5}.Debug|Any CPU.ActiveCfg = Debug|x86
		{435DBED8-BDFF-423B-BD9D-DABAA2E40BD5}.Debug|Mixed Platforms.ActiveCfg = Debug|x86
		{435DBED8-BDFF-423B-BD9D-DABAA2E40BD5}.Debug|Mixed Platforms.Build.0 = Debug|x86
		{435DBED8-BDFF-423B-BD9D-DABAA2E40BD5}.Debug|x86.ActiveCfg = Debug|x86
		{435DBED8-BDFF-423B-BD9D-DABAA2E40BD5}.Debug|x86.Build.0 = Debug|x86
		{435DBED8-BDFF-423B-BD9D-DABAA2E40BD5}.Release|Any CPU.ActiveCfg = Release|x86
		{435DBED8-BDFF-423B-BD9D-DABAA2E40BD5}.Release|Mixed Platforms.ActiveCfg = Release|x86
		{435DBED8-BDFF-423B-BD9D-DABAA2E40BD5}.Release|Mixed Platforms.Build.0 = Release|x86
		{435DBED8-BDFF-423B-BD9D-DABAA2E40BD5}.Release|x86.ActiveCfg = Release|x86
		{435DBED8-BDFF-423B-BD9D-DABAA2E40BD5}.Release|x86.Build.0 = Release|x86
		{7143739E-B054-42B6-A474-87F0F8ADB666}.Debug|Any CPU.ActiveCfg = Debug|x86
		{7143739E-B054-42B6-A474-87F0F8ADB666}.Debug|Mixed Platforms.ActiveCfg = Debug|x86
		{7143739E-B054-42B6-A474-87F0F8ADB666}.Debug|Mixed Platforms.Build.0 = Debug|x86
		{7143739E-B054-42B6-A474-87F0F8ADB666}.Debug|x86.ActiveCfg = Debug|x86
		{7143739E-B054-42B6-A474-87F0F8ADB666}.Debug|x86.Build.0 = Debug|x86
		{7143739E-B054-42B6-A474-87F0F8ADB666}.Release|Any CPU.ActiveCfg = Release|x86
		{7143739E-B054-42B6-A474-87F0F8ADB666}.Release|Mixed Platforms.ActiveCfg = Release|x86
		{7143739E-B054-42B6-A474-87F0F8ADB666}.Release|Mixed Platforms.Build.0 = Release|x86
		{7143739E-B054-42B6-A474-87F0F8ADB666}.Release|x86.ActiveCfg = Release|x86
		{7143739E-B054-42B6-A474-87F0F8ADB666}.Release|x86.Build.0 = Release|x86
		{BA767011-CA53-49C3-B2C3-7466E3E406B9}.Debug|Any CPU.ActiveCfg = Debug|Any CPU
		{BA767011-CA53-49C3-B2C3-7466E3E406B9}.Debug|Any CPU.Build.0 = Debug|Any CPU
		{BA767011-CA53-49C3-B2C3-7466E3E406B9}.Debug|Mixed Platforms.ActiveCfg = Debug|Any CPU
		{BA767011-CA53-49C3-B2C3-7466E3E406B9}.Debug|Mixed Platforms.Build.0 = Debug|Any CPU
		{BA767011-CA53-49C3-B2C3-7466E3E406B9}.Debug|x86.ActiveCfg = Debug|Any CPU
		{BA767011-CA53-49C3-B2C3-7466E3E406B9}.Release|Any CPU.ActiveCfg = Release|Any CPU
		{BA767011-CA53-49C3-B2C3-7466E3E406B9}.Release|Any CPU.Build.0 = Release|Any CPU
		{BA767011-CA53-49C3-B2C3-7466E3E406B9}.Release|Mixed Platforms.ActiveCfg = Release|Any CPU
		{BA767011-CA53-49C3-B2C3-7466E3E406B9}.Release|Mixed Platforms.Build.0 = Release|Any CPU
		{BA767011-CA53-49C3-B2C3-7466E3E406B9}.Release|x86.ActiveCfg = Release|Any CPU
		{7B47E43E-29DA-479A-A3D8-AF2BED427114}.Debug|Any CPU.ActiveCfg = Debug|Any CPU
		{7B47E43E-29DA-479A-A3D8-AF2BED427114}.Debug|Any CPU.Build.0 = Debug|Any CPU
		{7B47E43E-29DA-479A-A3D8-AF2BED427114}.Debug|Mixed Platforms.ActiveCfg = Debug|Any CPU
		{7B47E43E-29DA-479A-A3D8-AF2BED427114}.Debug|Mixed Platforms.Build.0 = Debug|Any CPU
		{7B47E43E-29DA-479A-A3D8-AF2BED427114}.Debug|x86.ActiveCfg = Debug|Any CPU
		{7B47E43E-29DA-479A-A3D8-AF2BED427114}.Release|Any CPU.ActiveCfg = Release|Any CPU
		{7B47E43E-29DA-479A-A3D8-AF2BED427114}.Release|Any CPU.Build.0 = Release|Any CPU
		{7B47E43E-29DA-479A-A3D8-AF2BED427114}.Release|Mixed Platforms.ActiveCfg = Release|Any CPU
		{7B47E43E-29DA-479A-A3D8-AF2BED427114}.Release|Mixed Platforms.Build.0 = Release|Any CPU
		{7B47E43E-29DA-479A-A3D8-AF2BED427114}.Release|x86.ActiveCfg = Release|Any CPU
		{D8C2838D-B091-41C6-83D9-43E845218B95}.Debug|Any CPU.ActiveCfg = Debug|x86
		{D8C2838D-B091-41C6-83D9-43E845218B95}.Debug|Mixed Platforms.ActiveCfg = Debug|x86
		{D8C2838D-B091-41C6-83D9-43E845218B95}.Debug|Mixed Platforms.Build.0 = Debug|x86
		{D8C2838D-B091-41C6-83D9-43E845218B95}.Debug|x86.ActiveCfg = Debug|x86
		{D8C2838D-B091-41C6-83D9-43E845218B95}.Debug|x86.Build.0 = Debug|x86
		{D8C2838D-B091-41C6-83D9-43E845218B95}.Release|Any CPU.ActiveCfg = Release|x86
		{D8C2838D-B091-41C6-83D9-43E845218B95}.Release|Mixed Platforms.ActiveCfg = Release|x86
		{D8C2838D-B091-41C6-83D9-43E845218B95}.Release|Mixed Platforms.Build.0 = Release|x86
		{D8C2838D-B091-41C6-83D9-43E845218B95}.Release|x86.ActiveCfg = Release|x86
		{D8C2838D-B091-41C6-83D9-43E845218B95}.Release|x86.Build.0 = Release|x86
		{37D6D815-0FB7-4AFA-8F8E-76FF71B71945}.Debug|Any CPU.ActiveCfg = Debug|x86
		{37D6D815-0FB7-4AFA-8F8E-76FF71B71945}.Debug|Mixed Platforms.ActiveCfg = Debug|x86
		{37D6D815-0FB7-4AFA-8F8E-76FF71B71945}.Debug|Mixed Platforms.Build.0 = Debug|x86
		{37D6D815-0FB7-4AFA-8F8E-76FF71B71945}.Debug|x86.ActiveCfg = Debug|x86
		{37D6D815-0FB7-4AFA-8F8E-76FF71B71945}.Debug|x86.Build.0 = Debug|x86
		{37D6D815-0FB7-4AFA-8F8E-76FF71B71945}.Release|Any CPU.ActiveCfg = Release|x86
		{37D6D815-0FB7-4AFA-8F8E-76FF71B71945}.Release|Mixed Platforms.ActiveCfg = Release|x86
		{37D6D815-0FB7-4AFA-8F8E-76FF71B71945}.Release|Mixed Platforms.Build.0 = Release|x86
		{37D6D815-0FB7-4AFA-8F8E-76FF71B71945}.Release|x86.ActiveCfg = Release|x86
		{37D6D815-0FB7-4AFA-8F8E-76FF71B71945}.Release|x86.Build.0 = Release|x86
		{42F71D2B-6BD0-4703-A681-85E777E5A89F}.Debug|Any CPU.ActiveCfg = Debug|Any CPU
		{42F71D2B-6BD0-4703-A681-85E777E5A89F}.Debug|Any CPU.Build.0 = Debug|Any CPU
		{42F71D2B-6BD0-4703-A681-85E777E5A89F}.Debug|Mixed Platforms.ActiveCfg = Debug|Any CPU
		{42F71D2B-6BD0-4703-A681-85E777E5A89F}.Debug|Mixed Platforms.Build.0 = Debug|Any CPU
		{42F71D2B-6BD0-4703-A681-85E777E5A89F}.Debug|x86.ActiveCfg = Debug|Any CPU
		{42F71D2B-6BD0-4703-A681-85E777E5A89F}.Release|Any CPU.ActiveCfg = Release|Any CPU
		{42F71D2B-6BD0-4703-A681-85E777E5A89F}.Release|Any CPU.Build.0 = Release|Any CPU
		{42F71D2B-6BD0-4703-A681-85E777E5A89F}.Release|Mixed Platforms.ActiveCfg = Release|Any CPU
		{42F71D2B-6BD0-4703-A681-85E777E5A89F}.Release|Mixed Platforms.Build.0 = Release|Any CPU
		{42F71D2B-6BD0-4703-A681-85E777E5A89F}.Release|x86.ActiveCfg = Release|Any CPU
		{6BCC6ADA-2AB0-4CBE-AFA6-51C8C5A654FB}.Debug|Any CPU.ActiveCfg = Debug|Any CPU
		{6BCC6ADA-2AB0-4CBE-AFA6-51C8C5A654FB}.Debug|Any CPU.Build.0 = Debug|Any CPU
		{6BCC6ADA-2AB0-4CBE-AFA6-51C8C5A654FB}.Debug|Mixed Platforms.ActiveCfg = Debug|Any CPU
		{6BCC6ADA-2AB0-4CBE-AFA6-51C8C5A654FB}.Debug|Mixed Platforms.Build.0 = Debug|Any CPU
		{6BCC6ADA-2AB0-4CBE-AFA6-51C8C5A654FB}.Debug|x86.ActiveCfg = Debug|Any CPU
		{6BCC6ADA-2AB0-4CBE-AFA6-51C8C5A654FB}.Release|Any CPU.ActiveCfg = Release|Any CPU
		{6BCC6ADA-2AB0-4CBE-AFA6-51C8C5A654FB}.Release|Any CPU.Build.0 = Release|Any CPU
		{6BCC6ADA-2AB0-4CBE-AFA6-51C8C5A654FB}.Release|Mixed Platforms.ActiveCfg = Release|Any CPU
		{6BCC6ADA-2AB0-4CBE-AFA6-51C8C5A654FB}.Release|Mixed Platforms.Build.0 = Release|Any CPU
		{6BCC6ADA-2AB0-4CBE-AFA6-51C8C5A654FB}.Release|x86.ActiveCfg = Release|Any CPU
	EndGlobalSection
	GlobalSection(SolutionProperties) = preSolution
		HideSolutionNode = FALSE
	EndGlobalSection
	GlobalSection(NestedProjects) = preSolution
		{7143739E-B054-42B6-A474-87F0F8ADB666} = {39139348-B464-4E5B-957C-0493FFB171CD}
		{BA767011-CA53-49C3-B2C3-7466E3E406B9} = {39139348-B464-4E5B-957C-0493FFB171CD}
		{7B47E43E-29DA-479A-A3D8-AF2BED427114} = {39139348-B464-4E5B-957C-0493FFB171CD}
		{42F71D2B-6BD0-4703-A681-85E777E5A89F} = {39139348-B464-4E5B-957C-0493FFB171CD}
		{6BCC6ADA-2AB0-4CBE-AFA6-51C8C5A654FB} = {39139348-B464-4E5B-957C-0493FFB171CD}
	EndGlobalSection
EndGlobal
