Microsoft Visual Studio Solution File, Format Version 12.00
# Visual Studio 2013
VisualStudioVersion = 12.0.30723.0
MinimumVisualStudioVersion = 10.0.40219.1
Project("{FAE04EC0-301F-11D3-BF4B-00C04F79EFBC}") = "Rti.DocumentManagerService", "Rti.DocumentManagerService\Rti.DocumentManagerService.csproj", "{A4867749-A710-4078-BCF7-D89F56C8DEF3}"
EndProject
Project("{FAE04EC0-301F-11D3-BF4B-00C04F79EFBC}") = "Rti", "..\Rti\Rti.csproj", "{7143739E-B054-42B6-A474-87F0F8ADB666}"
EndProject
Project("{FAE04EC0-301F-11D3-BF4B-00C04F79EFBC}") = "Rti.ExternalInterfaces", "..\Rti.ExternalInterfaces\Rti.ExternalInterfaces.csproj", "{BA767011-CA53-49C3-B2C3-7466E3E406B9}"
EndProject
Project("{FAE04EC0-301F-11D3-BF4B-00C04F79EFBC}") = "Rti.InternalInterfaces", "..\Rti.InternalInterfaces\Rti.InternalInterfaces.csproj", "{7B47E43E-29DA-479A-A3D8-AF2BED427114}"
EndProject
Project("{FAE04EC0-301F-11D3-BF4B-00C04F79EFBC}") = "Rti.TestClient", "Rti.TestClient\Rti.TestClient.csproj", "{E9542B90-3AC3-4F09-A315-C4E2C5D762F0}"
EndProject
Project("{2150E333-8FDC-42A3-9474-1A3956D46DE8}") = "Referenced Projects", "Referenced Projects", "{7BFB02A1-76DE-4532-9F60-CB2A3F968D26}"
EndProject
Project("{FAE04EC0-301F-11D3-BF4B-00C04F79EFBC}") = "Rti.DocumentManagerServer", "Rti.DocumentManagerServer\Rti.DocumentManagerServer.csproj", "{8DA4B379-086D-4BFD-9D1C-27780EC01349}"
EndProject
Project("{FAE04EC0-301F-11D3-BF4B-00C04F79EFBC}") = "Rti.DataModel", "..\Rti.DataModel\Rti.DataModel.csproj", "{6BCC6ADA-2AB0-4CBE-AFA6-51C8C5A654FB}"
EndProject
Project("{FAE04EC0-301F-11D3-BF4B-00C04F79EFBC}") = "Rti.Imaging", "..\Rti.Imaging\Rti.Imaging.csproj", "{E6313654-64AB-4332-9476-48F3046CED04}"
EndProject
Global
	GlobalSection(SolutionConfigurationPlatforms) = preSolution
		Debug|Any CPU = Debug|Any CPU
		Debug|Mixed Platforms = Debug|Mixed Platforms
		Debug|x86 = Debug|x86
		Release|Any CPU = Release|Any CPU
		Release|Mixed Platforms = Release|Mixed Platforms
		Release|x86 = Release|x86
	EndGlobalSection
	GlobalSection(ProjectConfigurationPlatforms) = postSolution
		{A4867749-A710-4078-BCF7-D89F56C8DEF3}.Debug|Any CPU.ActiveCfg = Debug|x86
		{A4867749-A710-4078-BCF7-D89F56C8DEF3}.Debug|Mixed Platforms.ActiveCfg = Debug|x86
		{A4867749-A710-4078-BCF7-D89F56C8DEF3}.Debug|Mixed Platforms.Build.0 = Debug|x86
		{A4867749-A710-4078-BCF7-D89F56C8DEF3}.Debug|x86.ActiveCfg = Debug|x86
		{A4867749-A710-4078-BCF7-D89F56C8DEF3}.Debug|x86.Build.0 = Debug|x86
		{A4867749-A710-4078-BCF7-D89F56C8DEF3}.Release|Any CPU.ActiveCfg = Release|x86
		{A4867749-A710-4078-BCF7-D89F56C8DEF3}.Release|Mixed Platforms.ActiveCfg = Release|x86
		{A4867749-A710-4078-BCF7-D89F56C8DEF3}.Release|Mixed Platforms.Build.0 = Release|x86
		{A4867749-A710-4078-BCF7-D89F56C8DEF3}.Release|x86.ActiveCfg = Release|x86
		{A4867749-A710-4078-BCF7-D89F56C8DEF3}.Release|x86.Build.0 = Release|x86
		{7143739E-B054-42B6-A474-87F0F8ADB666}.Debug|Any CPU.ActiveCfg = Debug|x86
		{7143739E-B054-42B6-A474-87F0F8ADB666}.Debug|Mixed Platforms.ActiveCfg = Debug|x86
		{7143739E-B054-42B6-A474-87F0F8ADB666}.Debug|Mixed Platforms.Build.0 = Debug|x86
		{7143739E-B054-42B6-A474-87F0F8ADB666}.Debug|x86.ActiveCfg = Debug|x86
		{7143739E-B054-42B6-A474-87F0F8ADB666}.Debug|x86.Build.0 = Debug|x86
		{7143739E-B054-42B6-A474-87F0F8ADB666}.Release|Any CPU.ActiveCfg = Release|x86
		{7143739E-B054-42B6-A474-87F0F8ADB666}.Release|Mixed Platforms.ActiveCfg = Release|x86
		{7143739E-B054-42B6-A474-87F0F8ADB666}.Release|Mixed Platforms.Build.0 = Release|x86
		{7143739E-B054-42B6-A474-87F0F8ADB666}.Release|x86.ActiveCfg = Release|x86
		{7143739E-B054-42B6-A474-87F0F8ADB666}.Release|x86.Build.0 = Release|x86
		{BA767011-CA53-49C3-B2C3-7466E3E406B9}.Debug|Any CPU.ActiveCfg = Debug|Any CPU
		{BA767011-CA53-49C3-B2C3-7466E3E406B9}.Debug|Any CPU.Build.0 = Debug|Any CPU
		{BA767011-CA53-49C3-B2C3-7466E3E406B9}.Debug|Mixed Platforms.ActiveCfg = Debug|Any CPU
		{BA767011-CA53-49C3-B2C3-7466E3E406B9}.Debug|Mixed Platforms.Build.0 = Debug|Any CPU
		{BA767011-CA53-49C3-B2C3-7466E3E406B9}.Debug|x86.ActiveCfg = Debug|Any CPU
		{BA767011-CA53-49C3-B2C3-7466E3E406B9}.Release|Any CPU.ActiveCfg = Release|Any CPU
		{BA767011-CA53-49C3-B2C3-7466E3E406B9}.Release|Any CPU.Build.0 = Release|Any CPU
		{BA767011-CA53-49C3-B2C3-7466E3E406B9}.Release|Mixed Platforms.ActiveCfg = Release|Any CPU
		{BA767011-CA53-49C3-B2C3-7466E3E406B9}.Release|Mixed Platforms.Build.0 = Release|Any CPU
		{BA767011-CA53-49C3-B2C3-7466E3E406B9}.Release|x86.ActiveCfg = Release|Any CPU
		{7B47E43E-29DA-479A-A3D8-AF2BED427114}.Debug|Any CPU.ActiveCfg = Debug|Any CPU
		{7B47E43E-29DA-479A-A3D8-AF2BED427114}.Debug|Any CPU.Build.0 = Debug|Any CPU
		{7B47E43E-29DA-479A-A3D8-AF2BED427114}.Debug|Mixed Platforms.ActiveCfg = Debug|Any CPU
		{7B47E43E-29DA-479A-A3D8-AF2BED427114}.Debug|Mixed Platforms.Build.0 = Debug|Any CPU
		{7B47E43E-29DA-479A-A3D8-AF2BED427114}.Debug|x86.ActiveCfg = Debug|Any CPU
		{7B47E43E-29DA-479A-A3D8-AF2BED427114}.Release|Any CPU.ActiveCfg = Release|Any CPU
		{7B47E43E-29DA-479A-A3D8-AF2BED427114}.Release|Any CPU.Build.0 = Release|Any CPU
		{7B47E43E-29DA-479A-A3D8-AF2BED427114}.Release|Mixed Platforms.ActiveCfg = Release|Any CPU
		{7B47E43E-29DA-479A-A3D8-AF2BED427114}.Release|Mixed Platforms.Build.0 = Release|Any CPU
		{7B47E43E-29DA-479A-A3D8-AF2BED427114}.Release|x86.ActiveCfg = Release|Any CPU
		{E9542B90-3AC3-4F09-A315-C4E2C5D762F0}.Debug|Any CPU.ActiveCfg = Debug|x86
		{E9542B90-3AC3-4F09-A315-C4E2C5D762F0}.Debug|Mixed Platforms.ActiveCfg = Debug|x86
		{E9542B90-3AC3-4F09-A315-C4E2C5D762F0}.Debug|Mixed Platforms.Build.0 = Debug|x86
		{E9542B90-3AC3-4F09-A315-C4E2C5D762F0}.Debug|x86.ActiveCfg = Debug|x86
		{E9542B90-3AC3-4F09-A315-C4E2C5D762F0}.Debug|x86.Build.0 = Debug|x86
		{E9542B90-3AC3-4F09-A315-C4E2C5D762F0}.Release|Any CPU.ActiveCfg = Release|x86
		{E9542B90-3AC3-4F09-A315-C4E2C5D762F0}.Release|Mixed Platforms.ActiveCfg = Release|x86
		{E9542B90-3AC3-4F09-A315-C4E2C5D762F0}.Release|Mixed Platforms.Build.0 = Release|x86
		{E9542B90-3AC3-4F09-A315-C4E2C5D762F0}.Release|x86.ActiveCfg = Release|x86
		{E9542B90-3AC3-4F09-A315-C4E2C5D762F0}.Release|x86.Build.0 = Release|x86
		{8DA4B379-086D-4BFD-9D1C-27780EC01349}.Debug|Any CPU.ActiveCfg = Debug|x86
		{8DA4B379-086D-4BFD-9D1C-27780EC01349}.Debug|Mixed Platforms.ActiveCfg = Debug|x86
		{8DA4B379-086D-4BFD-9D1C-27780EC01349}.Debug|Mixed Platforms.Build.0 = Debug|x86
		{8DA4B379-086D-4BFD-9D1C-27780EC01349}.Debug|x86.ActiveCfg = Debug|x86
		{8DA4B379-086D-4BFD-9D1C-27780EC01349}.Debug|x86.Build.0 = Debug|x86
		{8DA4B379-086D-4BFD-9D1C-27780EC01349}.Release|Any CPU.ActiveCfg = Release|x86
		{8DA4B379-086D-4BFD-9D1C-27780EC01349}.Release|Mixed Platforms.ActiveCfg = Release|x86
		{8DA4B379-086D-4BFD-9D1C-27780EC01349}.Release|Mixed Platforms.Build.0 = Release|x86
		{8DA4B379-086D-4BFD-9D1C-27780EC01349}.Release|x86.ActiveCfg = Release|x86
		{8DA4B379-086D-4BFD-9D1C-27780EC01349}.Release|x86.Build.0 = Release|x86
		{6BCC6ADA-2AB0-4CBE-AFA6-51C8C5A654FB}.Debug|Any CPU.ActiveCfg = Debug|Any CPU
		{6BCC6ADA-2AB0-4CBE-AFA6-51C8C5A654FB}.Debug|Any CPU.Build.0 = Debug|Any CPU
		{6BCC6ADA-2AB0-4CBE-AFA6-51C8C5A654FB}.Debug|Mixed Platforms.ActiveCfg = Debug|Any CPU
		{6BCC6ADA-2AB0-4CBE-AFA6-51C8C5A654FB}.Debug|Mixed Platforms.Build.0 = Debug|Any CPU
		{6BCC6ADA-2AB0-4CBE-AFA6-51C8C5A654FB}.Debug|x86.ActiveCfg = Debug|Any CPU
		{6BCC6ADA-2AB0-4CBE-AFA6-51C8C5A654FB}.Release|Any CPU.ActiveCfg = Release|Any CPU
		{6BCC6ADA-2AB0-4CBE-AFA6-51C8C5A654FB}.Release|Any CPU.Build.0 = Release|Any CPU
		{6BCC6ADA-2AB0-4CBE-AFA6-51C8C5A654FB}.Release|Mixed Platforms.ActiveCfg = Release|Any CPU
		{6BCC6ADA-2AB0-4CBE-AFA6-51C8C5A654FB}.Release|Mixed Platforms.Build.0 = Release|Any CPU
		{6BCC6ADA-2AB0-4CBE-AFA6-51C8C5A654FB}.Release|x86.ActiveCfg = Release|Any CPU
		{E6313654-64AB-4332-9476-48F3046CED04}.Debug|Any CPU.ActiveCfg = Debug|Any CPU
		{E6313654-64AB-4332-9476-48F3046CED04}.Debug|Any CPU.Build.0 = Debug|Any CPU
		{E6313654-64AB-4332-9476-48F3046CED04}.Debug|Mixed Platforms.ActiveCfg = Debug|Any CPU
		{E6313654-64AB-4332-9476-48F3046CED04}.Debug|Mixed Platforms.Build.0 = Debug|Any CPU
		{E6313654-64AB-4332-9476-48F3046CED04}.Debug|x86.ActiveCfg = Debug|Any CPU
		{E6313654-64AB-4332-9476-48F3046CED04}.Release|Any CPU.ActiveCfg = Release|Any CPU
		{E6313654-64AB-4332-9476-48F3046CED04}.Release|Any CPU.Build.0 = Release|Any CPU
		{E6313654-64AB-4332-9476-48F3046CED04}.Release|Mixed Platforms.ActiveCfg = Release|Any CPU
		{E6313654-64AB-4332-9476-48F3046CED04}.Release|Mixed Platforms.Build.0 = Release|Any CPU
		{E6313654-64AB-4332-9476-48F3046CED04}.Release|x86.ActiveCfg = Release|Any CPU
	EndGlobalSection
	GlobalSection(SolutionProperties) = preSolution
		HideSolutionNode = FALSE
	EndGlobalSection
	GlobalSection(NestedProjects) = preSolution
		{7143739E-B054-42B6-A474-87F0F8ADB666} = {7BFB02A1-76DE-4532-9F60-CB2A3F968D26}
		{BA767011-CA53-49C3-B2C3-7466E3E406B9} = {7BFB02A1-76DE-4532-9F60-CB2A3F968D26}
		{7B47E43E-29DA-479A-A3D8-AF2BED427114} = {7BFB02A1-76DE-4532-9F60-CB2A3F968D26}
		{6BCC6ADA-2AB0-4CBE-AFA6-51C8C5A654FB} = {7BFB02A1-76DE-4532-9F60-CB2A3F968D26}
		{E6313654-64AB-4332-9476-48F3046CED04} = {7BFB02A1-76DE-4532-9F60-CB2A3F968D26}
	EndGlobalSection
EndGlobal
