Microsoft Visual Studio Solution File, Format Version 12.00
# Visual Studio 2013
VisualStudioVersion = 12.0.30723.0
MinimumVisualStudioVersion = 10.0.40219.1
Project("{FAE04EC0-301F-11D3-BF4B-00C04F79EFBC}") = "Rti.RequestManagerService", "Rti.RequestManagerService\Rti.RequestManagerService.csproj", "{1DBDFB60-90CF-4F46-925B-437EA00BE4F5}"
EndProject
Project("{FAE04EC0-301F-11D3-BF4B-00C04F79EFBC}") = "Rti", "..\Rti\Rti.csproj", "{7143739E-B054-42B6-A474-87F0F8ADB666}"
EndProject
Project("{FAE04EC0-301F-11D3-BF4B-00C04F79EFBC}") = "Rti.ExternalInterfaces", "..\Rti.ExternalInterfaces\Rti.ExternalInterfaces.csproj", "{BA767011-CA53-49C3-B2C3-7466E3E406B9}"
EndProject
Project("{FAE04EC0-301F-11D3-BF4B-00C04F79EFBC}") = "Rti.InternalInterfaces", "..\Rti.InternalInterfaces\Rti.InternalInterfaces.csproj", "{7B47E43E-29DA-479A-A3D8-AF2BED427114}"
EndProject
Project("{FAE04EC0-301F-11D3-BF4B-00C04F79EFBC}") = "Rti.TestClient", "Rti.TestClient\Rti.TestClient.csproj", "{CD855320-770C-47C9-A29D-408DF6089861}"
EndProject
Project("{2150E333-8FDC-42A3-9474-1A3956D46DE8}") = "Referenced Projects", "Referenced Projects", "{A3374415-B522-4E80-8A79-514FA20ADCEC}"
EndProject
Project("{FAE04EC0-301F-11D3-BF4B-00C04F79EFBC}") = "Rti.RequestManagerServer", "Rti.RequestManagerServer\Rti.RequestManagerServer.csproj", "{EDE3898C-76F1-4AB4-9007-0FEAAC69033F}"
EndProject
Project("{FAE04EC0-301F-11D3-BF4B-00C04F79EFBC}") = "Rti.DataModel", "..\Rti.DataModel\Rti.DataModel.csproj", "{6BCC6ADA-2AB0-4CBE-AFA6-51C8C5A654FB}"
EndProject
Global
	GlobalSection(SolutionConfigurationPlatforms) = preSolution
		Debug|Any CPU = Debug|Any CPU
		Debug|Mixed Platforms = Debug|Mixed Platforms
		Debug|x86 = Debug|x86
		Release|Any CPU = Release|Any CPU
		Release|Mixed Platforms = Release|Mixed Platforms
		Release|x86 = Release|x86
	EndGlobalSection
	GlobalSection(ProjectConfigurationPlatforms) = postSolution
		{1DBDFB60-90CF-4F46-925B-437EA00BE4F5}.Debug|Any CPU.ActiveCfg = Debug|x86
		{1DBDFB60-90CF-4F46-925B-437EA00BE4F5}.Debug|Mixed Platforms.ActiveCfg = Debug|x86
		{1DBDFB60-90CF-4F46-925B-437EA00BE4F5}.Debug|Mixed Platforms.Build.0 = Debug|x86
		{1DBDFB60-90CF-4F46-925B-437EA00BE4F5}.Debug|x86.ActiveCfg = Debug|x86
		{1DBDFB60-90CF-4F46-925B-437EA00BE4F5}.Debug|x86.Build.0 = Debug|x86
		{1DBDFB60-90CF-4F46-925B-437EA00BE4F5}.Release|Any CPU.ActiveCfg = Release|x86
		{1DBDFB60-90CF-4F46-925B-437EA00BE4F5}.Release|Mixed Platforms.ActiveCfg = Release|x86
		{1DBDFB60-90CF-4F46-925B-437EA00BE4F5}.Release|Mixed Platforms.Build.0 = Release|x86
		{1DBDFB60-90CF-4F46-925B-437EA00BE4F5}.Release|x86.ActiveCfg = Release|x86
		{1DBDFB60-90CF-4F46-925B-437EA00BE4F5}.Release|x86.Build.0 = Release|x86
		{7143739E-B054-42B6-A474-87F0F8ADB666}.Debug|Any CPU.ActiveCfg = Debug|x86
		{7143739E-B054-42B6-A474-87F0F8ADB666}.Debug|Mixed Platforms.ActiveCfg = Debug|x86
		{7143739E-B054-42B6-A474-87F0F8ADB666}.Debug|Mixed Platforms.Build.0 = Debug|x86
		{7143739E-B054-42B6-A474-87F0F8ADB666}.Debug|x86.ActiveCfg = Debug|x86
		{7143739E-B054-42B6-A474-87F0F8ADB666}.Debug|x86.Build.0 = Debug|x86
		{7143739E-B054-42B6-A474-87F0F8ADB666}.Release|Any CPU.ActiveCfg = Release|x86
		{7143739E-B054-42B6-A474-87F0F8ADB666}.Release|Mixed Platforms.ActiveCfg = Release|x86
		{7143739E-B054-42B6-A474-87F0F8ADB666}.Release|Mixed Platforms.Build.0 = Release|x86
		{7143739E-B054-42B6-A474-87F0F8ADB666}.Release|x86.ActiveCfg = Release|x86
		{7143739E-B054-42B6-A474-87F0F8ADB666}.Release|x86.Build.0 = Release|x86
		{BA767011-CA53-49C3-B2C3-7466E3E406B9}.Debug|Any CPU.ActiveCfg = Debug|Any CPU
		{BA767011-CA53-49C3-B2C3-7466E3E406B9}.Debug|Any CPU.Build.0 = Debug|Any CPU
		{BA767011-CA53-49C3-B2C3-7466E3E406B9}.Debug|Mixed Platforms.ActiveCfg = Debug|Any CPU
		{BA767011-CA53-49C3-B2C3-7466E3E406B9}.Debug|Mixed Platforms.Build.0 = Debug|Any CPU
		{BA767011-CA53-49C3-B2C3-7466E3E406B9}.Debug|x86.ActiveCfg = Debug|Any CPU
		{BA767011-CA53-49C3-B2C3-7466E3E406B9}.Release|Any CPU.ActiveCfg = Release|Any CPU
		{BA767011-CA53-49C3-B2C3-7466E3E406B9}.Release|Any CPU.Build.0 = Release|Any CPU
		{BA767011-CA53-49C3-B2C3-7466E3E406B9}.Release|Mixed Platforms.ActiveCfg = Release|Any CPU
		{BA767011-CA53-49C3-B2C3-7466E3E406B9}.Release|Mixed Platforms.Build.0 = Release|Any CPU
		{BA767011-CA53-49C3-B2C3-7466E3E406B9}.Release|x86.ActiveCfg = Release|Any CPU
		{7B47E43E-29DA-479A-A3D8-AF2BED427114}.Debug|Any CPU.ActiveCfg = Debug|Any CPU
		{7B47E43E-29DA-479A-A3D8-AF2BED427114}.Debug|Any CPU.Build.0 = Debug|Any CPU
		{7B47E43E-29DA-479A-A3D8-AF2BED427114}.Debug|Mixed Platforms.ActiveCfg = Debug|Any CPU
		{7B47E43E-29DA-479A-A3D8-AF2BED427114}.Debug|Mixed Platforms.Build.0 = Debug|Any CPU
		{7B47E43E-29DA-479A-A3D8-AF2BED427114}.Debug|x86.ActiveCfg = Debug|Any CPU
		{7B47E43E-29DA-479A-A3D8-AF2BED427114}.Release|Any CPU.ActiveCfg = Release|Any CPU
		{7B47E43E-29DA-479A-A3D8-AF2BED427114}.Release|Any CPU.Build.0 = Release|Any CPU
		{7B47E43E-29DA-479A-A3D8-AF2BED427114}.Release|Mixed Platforms.ActiveCfg = Release|Any CPU
		{7B47E43E-29DA-479A-A3D8-AF2BED427114}.Release|Mixed Platforms.Build.0 = Release|Any CPU
		{7B47E43E-29DA-479A-A3D8-AF2BED427114}.Release|x86.ActiveCfg = Release|Any CPU
		{CD855320-770C-47C9-A29D-408DF6089861}.Debug|Any CPU.ActiveCfg = Debug|x86
		{CD855320-770C-47C9-A29D-408DF6089861}.Debug|Mixed Platforms.ActiveCfg = Debug|x86
		{CD855320-770C-47C9-A29D-408DF6089861}.Debug|Mixed Platforms.Build.0 = Debug|x86
		{CD855320-770C-47C9-A29D-408DF6089861}.Debug|x86.ActiveCfg = Debug|x86
		{CD855320-770C-47C9-A29D-408DF6089861}.Debug|x86.Build.0 = Debug|x86
		{CD855320-770C-47C9-A29D-408DF6089861}.Release|Any CPU.ActiveCfg = Release|x86
		{CD855320-770C-47C9-A29D-408DF6089861}.Release|Mixed Platforms.ActiveCfg = Release|x86
		{CD855320-770C-47C9-A29D-408DF6089861}.Release|Mixed Platforms.Build.0 = Release|x86
		{CD855320-770C-47C9-A29D-408DF6089861}.Release|x86.ActiveCfg = Release|x86
		{CD855320-770C-47C9-A29D-408DF6089861}.Release|x86.Build.0 = Release|x86
		{EDE3898C-76F1-4AB4-9007-0FEAAC69033F}.Debug|Any CPU.ActiveCfg = Debug|x86
		{EDE3898C-76F1-4AB4-9007-0FEAAC69033F}.Debug|Mixed Platforms.ActiveCfg = Debug|x86
		{EDE3898C-76F1-4AB4-9007-0FEAAC69033F}.Debug|Mixed Platforms.Build.0 = Debug|x86
		{EDE3898C-76F1-4AB4-9007-0FEAAC69033F}.Debug|x86.ActiveCfg = Debug|x86
		{EDE3898C-76F1-4AB4-9007-0FEAAC69033F}.Debug|x86.Build.0 = Debug|x86
		{EDE3898C-76F1-4AB4-9007-0FEAAC69033F}.Release|Any CPU.ActiveCfg = Release|x86
		{EDE3898C-76F1-4AB4-9007-0FEAAC69033F}.Release|Mixed Platforms.ActiveCfg = Release|x86
		{EDE3898C-76F1-4AB4-9007-0FEAAC69033F}.Release|Mixed Platforms.Build.0 = Release|x86
		{EDE3898C-76F1-4AB4-9007-0FEAAC69033F}.Release|x86.ActiveCfg = Release|x86
		{EDE3898C-76F1-4AB4-9007-0FEAAC69033F}.Release|x86.Build.0 = Release|x86
		{6BCC6ADA-2AB0-4CBE-AFA6-51C8C5A654FB}.Debug|Any CPU.ActiveCfg = Debug|Any CPU
		{6BCC6ADA-2AB0-4CBE-AFA6-51C8C5A654FB}.Debug|Any CPU.Build.0 = Debug|Any CPU
		{6BCC6ADA-2AB0-4CBE-AFA6-51C8C5A654FB}.Debug|Mixed Platforms.ActiveCfg = Debug|Any CPU
		{6BCC6ADA-2AB0-4CBE-AFA6-51C8C5A654FB}.Debug|Mixed Platforms.Build.0 = Debug|Any CPU
		{6BCC6ADA-2AB0-4CBE-AFA6-51C8C5A654FB}.Debug|x86.ActiveCfg = Debug|Any CPU
		{6BCC6ADA-2AB0-4CBE-AFA6-51C8C5A654FB}.Release|Any CPU.ActiveCfg = Release|Any CPU
		{6BCC6ADA-2AB0-4CBE-AFA6-51C8C5A654FB}.Release|Any CPU.Build.0 = Release|Any CPU
		{6BCC6ADA-2AB0-4CBE-AFA6-51C8C5A654FB}.Release|Mixed Platforms.ActiveCfg = Release|Any CPU
		{6BCC6ADA-2AB0-4CBE-AFA6-51C8C5A654FB}.Release|Mixed Platforms.Build.0 = Release|Any CPU
		{6BCC6ADA-2AB0-4CBE-AFA6-51C8C5A654FB}.Release|x86.ActiveCfg = Release|Any CPU
	EndGlobalSection
	GlobalSection(SolutionProperties) = preSolution
		HideSolutionNode = FALSE
	EndGlobalSection
	GlobalSection(NestedProjects) = preSolution
		{7143739E-B054-42B6-A474-87F0F8ADB666} = {A3374415-B522-4E80-8A79-514FA20ADCEC}
		{BA767011-CA53-49C3-B2C3-7466E3E406B9} = {A3374415-B522-4E80-8A79-514FA20ADCEC}
		{7B47E43E-29DA-479A-A3D8-AF2BED427114} = {A3374415-B522-4E80-8A79-514FA20ADCEC}
		{6BCC6ADA-2AB0-4CBE-AFA6-51C8C5A654FB} = {A3374415-B522-4E80-8A79-514FA20ADCEC}
	EndGlobalSection
EndGlobal
